// !$*UTF8*$!
{
	archiveVersion = 1;
	classes = {
	};
	objectVersion = 46;
	objects = {

/* Begin PBXBuildFile section */
		BFD3B56D15BF69A600DB2F3C /* UIKit.framework in Frameworks */ = {isa = PBXBuildFile; fileRef = BFD3B56C15BF69A600DB2F3C /* UIKit.framework */; };
		BFD3B56F15BF69A600DB2F3C /* Foundation.framework in Frameworks */ = {isa = PBXBuildFile; fileRef = BFD3B56E15BF69A600DB2F3C /* Foundation.framework */; };
		BFD3B57115BF69A600DB2F3C /* CoreGraphics.framework in Frameworks */ = {isa = PBXBuildFile; fileRef = BFD3B57015BF69A600DB2F3C /* CoreGraphics.framework */; };
		BFD3B57715BF69A600DB2F3C /* InfoPlist.strings in Resources */ = {isa = PBXBuildFile; fileRef = BFD3B57515BF69A600DB2F3C /* InfoPlist.strings */; };
		BFD3B57915BF69A600DB2F3C /* main.m in Sources */ = {isa = PBXBuildFile; fileRef = BFD3B57815BF69A600DB2F3C /* main.m */; };
		BFD3B57D15BF69A600DB2F3C /* AppDelegate.m in Sources */ = {isa = PBXBuildFile; fileRef = BFD3B57C15BF69A600DB2F3C /* AppDelegate.m */; };
		BFD3B58015BF69A600DB2F3C /* MasterViewController.m in Sources */ = {isa = PBXBuildFile; fileRef = BFD3B57F15BF69A600DB2F3C /* MasterViewController.m */; };
		BFD3B58315BF69A600DB2F3C /* DetailViewController.m in Sources */ = {isa = PBXBuildFile; fileRef = BFD3B58215BF69A600DB2F3C /* DetailViewController.m */; };
		BFD3B58615BF69A600DB2F3C /* MasterViewController.xib in Resources */ = {isa = PBXBuildFile; fileRef = BFD3B58415BF69A600DB2F3C /* MasterViewController.xib */; };
		BFD3B58915BF69A600DB2F3C /* DetailViewController.xib in Resources */ = {isa = PBXBuildFile; fileRef = BFD3B58715BF69A600DB2F3C /* DetailViewController.xib */; };
/* End PBXBuildFile section */

/* Begin PBXFileReference section */
		BFD3B56815BF69A600DB2F3C /* MDF1-wk4.app */ = {isa = PBXFileReference; explicitFileType = wrapper.application; includeInIndex = 0; path = "MDF1-wk4.app"; sourceTree = BUILT_PRODUCTS_DIR; };
		BFD3B56C15BF69A600DB2F3C /* UIKit.framework */ = {isa = PBXFileReference; lastKnownFileType = wrapper.framework; name = UIKit.framework; path = System/Library/Frameworks/UIKit.framework; sourceTree = SDKROOT; };
		BFD3B56E15BF69A600DB2F3C /* Foundation.framework */ = {isa = PBXFileReference; lastKnownFileType = wrapper.framework; name = Foundation.framework; path = System/Library/Frameworks/Foundation.framework; sourceTree = SDKROOT; };
		BFD3B57015BF69A600DB2F3C /* CoreGraphics.framework */ = {isa = PBXFileReference; lastKnownFileType = wrapper.framework; name = CoreGraphics.framework; path = System/Library/Frameworks/CoreGraphics.framework; sourceTree = SDKROOT; };
		BFD3B57415BF69A600DB2F3C /* MDF1-wk4-Info.plist */ = {isa = PBXFileReference; lastKnownFileType = text.plist.xml; path = "MDF1-wk4-Info.plist"; sourceTree = "<group>"; };
		BFD3B57615BF69A600DB2F3C /* en */ = {isa = PBXFileReference; lastKnownFileType = text.plist.strings; name = en; path = en.lproj/InfoPlist.strings; sourceTree = "<group>"; };
		BFD3B57815BF69A600DB2F3C /* main.m */ = {isa = PBXFileReference; lastKnownFileType = sourcecode.c.objc; path = main.m; sourceTree = "<group>"; };
		BFD3B57A15BF69A600DB2F3C /* MDF1-wk4-Prefix.pch */ = {isa = PBXFileReference; lastKnownFileType = sourcecode.c.h; path = "MDF1-wk4-Prefix.pch"; sourceTree = "<group>"; };
		BFD3B57B15BF69A600DB2F3C /* AppDelegate.h */ = {isa = PBXFileReference; lastKnownFileType = sourcecode.c.h; path = AppDelegate.h; sourceTree = "<group>"; };
		BFD3B57C15BF69A600DB2F3C /* AppDelegate.m */ = {isa = PBXFileReference; lastKnownFileType = sourcecode.c.objc; path = AppDelegate.m; sourceTree = "<group>"; };
		BFD3B57E15BF69A600DB2F3C /* MasterViewController.h */ = {isa = PBXFileReference; lastKnownFileType = sourcecode.c.h; path = MasterViewController.h; sourceTree = "<group>"; };
		BFD3B57F15BF69A600DB2F3C /* MasterViewController.m */ = {isa = PBXFileReference; lastKnownFileType = sourcecode.c.objc; path = MasterViewController.m; sourceTree = "<group>"; };
		BFD3B58115BF69A600DB2F3C /* DetailViewController.h */ = {isa = PBXFileReference; lastKnownFileType = sourcecode.c.h; path = DetailViewController.h; sourceTree = "<group>"; };
		BFD3B58215BF69A600DB2F3C /* DetailViewController.m */ = {isa = PBXFileReference; lastKnownFileType = sourcecode.c.objc; path = DetailViewController.m; sourceTree = "<group>"; };
		BFD3B58515BF69A600DB2F3C /* en */ = {isa = PBXFileReference; lastKnownFileType = file.xib; name = en; path = en.lproj/MasterViewController.xib; sourceTree = "<group>"; };
		BFD3B58815BF69A600DB2F3C /* en */ = {isa = PBXFileReference; lastKnownFileType = file.xib; name = en; path = en.lproj/DetailViewController.xib; sourceTree = "<group>"; };
/* End PBXFileReference section */

/* Begin PBXFrameworksBuildPhase section */
		BFD3B56515BF69A600DB2F3C /* Frameworks */ = {
			isa = PBXFrameworksBuildPhase;
			buildActionMask = 2147483647;
			files = (
				BFD3B56D15BF69A600DB2F3C /* UIKit.framework in Frameworks */,
				BFD3B56F15BF69A600DB2F3C /* Foundation.framework in Frameworks */,
				BFD3B57115BF69A600DB2F3C /* CoreGraphics.framework in Frameworks */,
			);
			runOnlyForDeploymentPostprocessing = 0;
		};
/* End PBXFrameworksBuildPhase section */

/* Begin PBXGroup section */
		BFD3B55D15BF69A600DB2F3C = {
			isa = PBXGroup;
			children = (
				BFD3B57215BF69A600DB2F3C /* MDF1-wk4 */,
				BFD3B56B15BF69A600DB2F3C /* Frameworks */,
				BFD3B56915BF69A600DB2F3C /* Products */,
			);
			sourceTree = "<group>";
		};
		BFD3B56915BF69A600DB2F3C /* Products */ = {
			isa = PBXGroup;
			children = (
				BFD3B56815BF69A600DB2F3C /* MDF1-wk4.app */,
			);
			name = Products;
			sourceTree = "<group>";
		};
		BFD3B56B15BF69A600DB2F3C /* Frameworks */ = {
			isa = PBXGroup;
			children = (
				BFD3B56C15BF69A600DB2F3C /* UIKit.framework */,
				BFD3B56E15BF69A600DB2F3C /* Foundation.framework */,
				BFD3B57015BF69A600DB2F3C /* CoreGraphics.framework */,
			);
			name = Frameworks;
			sourceTree = "<group>";
		};
		BFD3B57215BF69A600DB2F3C /* MDF1-wk4 */ = {
			isa = PBXGroup;
			children = (
				BFD3B57B15BF69A600DB2F3C /* AppDelegate.h */,
				BFD3B57C15BF69A600DB2F3C /* AppDelegate.m */,
				BFD3B57E15BF69A600DB2F3C /* MasterViewController.h */,
				BFD3B57F15BF69A600DB2F3C /* MasterViewController.m */,
				BFD3B58115BF69A600DB2F3C /* DetailViewController.h */,
				BFD3B58215BF69A600DB2F3C /* DetailViewController.m */,
				BFD3B58415BF69A600DB2F3C /* MasterViewController.xib */,
				BFD3B58715BF69A600DB2F3C /* DetailViewController.xib */,
				BFD3B57315BF69A600DB2F3C /* Supporting Files */,
			);
			path = "MDF1-wk4";
			sourceTree = "<group>";
		};
		BFD3B57315BF69A600DB2F3C /* Supporting Files */ = {
			isa = PBXGroup;
			children = (
				BFD3B57415BF69A600DB2F3C /* MDF1-wk4-Info.plist */,
				BFD3B57515BF69A600DB2F3C /* InfoPlist.strings */,
				BFD3B57815BF69A600DB2F3C /* main.m */,
				BFD3B57A15BF69A600DB2F3C /* MDF1-wk4-Prefix.pch */,
			);
			name = "Supporting Files";
			sourceTree = "<group>";
		};
/* End PBXGroup section */

/* Begin PBXNativeTarget section */
		BFD3B56715BF69A600DB2F3C /* MDF1-wk4 */ = {
			isa = PBXNativeTarget;
			buildConfigurationList = BFD3B58C15BF69A600DB2F3C /* Build configuration list for PBXNativeTarget "MDF1-wk4" */;
			buildPhases = (
				BFD3B56415BF69A600DB2F3C /* Sources */,
				BFD3B56515BF69A600DB2F3C /* Frameworks */,
				BFD3B56615BF69A600DB2F3C /* Resources */,
			);
			buildRules = (
			);
			dependencies = (
			);
			name = "MDF1-wk4";
			productName = "MDF1-wk4";
			productReference = BFD3B56815BF69A600DB2F3C /* MDF1-wk4.app */;
			productType = "com.apple.product-type.application";
		};
/* End PBXNativeTarget section */

/* Begin PBXProject section */
		BFD3B55F15BF69A600DB2F3C /* Project object */ = {
			isa = PBXProject;
			attributes = {
				LastUpgradeCheck = 0430;
			};
			buildConfigurationList = BFD3B56215BF69A600DB2F3C /* Build configuration list for PBXProject "MDF1-wk4" */;
			compatibilityVersion = "Xcode 3.2";
			developmentRegion = English;
			hasScannedForEncodings = 0;
			knownRegions = (
				en,
			);
			mainGroup = BFD3B55D15BF69A600DB2F3C;
			productRefGroup = BFD3B56915BF69A600DB2F3C /* Products */;
			projectDirPath = "";
			projectRoot = "";
			targets = (
				BFD3B56715BF69A600DB2F3C /* MDF1-wk4 */,
			);
		};
/* End PBXProject section */

/* Begin PBXResourcesBuildPhase section */
		BFD3B56615BF69A600DB2F3C /* Resources */ = {
			isa = PBXResourcesBuildPhase;
			buildActionMask = 2147483647;
			files = (
				BFD3B57715BF69A600DB2F3C /* InfoPlist.strings in Resources */,
				BFD3B58615BF69A600DB2F3C /* MasterViewController.xib in Resources */,
				BFD3B58915BF69A600DB2F3C /* DetailViewController.xib in Resources */,
			);
			runOnlyForDeploymentPostprocessing = 0;
		};
/* End PBXResourcesBuildPhase section */

/* Begin PBXSourcesBuildPhase section */
		BFD3B56415BF69A600DB2F3C /* Sources */ = {
			isa = PBXSourcesBuildPhase;
			buildActionMask = 2147483647;
			files = (
				BFD3B57915BF69A600DB2F3C /* main.m in Sources */,
				BFD3B57D15BF69A600DB2F3C /* AppDelegate.m in Sources */,
				BFD3B58015BF69A600DB2F3C /* MasterViewController.m in Sources */,
				BFD3B58315BF69A600DB2F3C /* DetailViewController.m in Sources */,
			);
			runOnlyForDeploymentPostprocessing = 0;
		};
/* End PBXSourcesBuildPhase section */

/* Begin PBXVariantGroup section */
		BFD3B57515BF69A600DB2F3C /* InfoPlist.strings */ = {
			isa = PBXVariantGroup;
			children = (
				BFD3B57615BF69A600DB2F3C /* en */,
			);
			name = InfoPlist.strings;
			sourceTree = "<group>";
		};
		BFD3B58415BF69A600DB2F3C /* MasterViewController.xib */ = {
			isa = PBXVariantGroup;
			children = (
				BFD3B58515BF69A600DB2F3C /* en */,
			);
			name = MasterViewController.xib;
			sourceTree = "<group>";
		};
		BFD3B58715BF69A600DB2F3C /* DetailViewController.xib */ = {
			isa = PBXVariantGroup;
			children = (
				BFD3B58815BF69A600DB2F3C /* en */,
			);
			name = DetailViewController.xib;
			sourceTree = "<group>";
		};
/* End PBXVariantGroup section */

/* Begin XCBuildConfiguration section */
		BFD3B58A15BF69A600DB2F3C /* Debug */ = {
			isa = XCBuildConfiguration;
			buildSettings = {
				ALWAYS_SEARCH_USER_PATHS = NO;
				ARCHS = "$(ARCHS_STANDARD_32_BIT)";
				CLANG_ENABLE_OBJC_ARC = YES;
				"CODE_SIGN_IDENTITY[sdk=iphoneos*]" = "iPhone Developer";
				COPY_PHASE_STRIP = NO;
				GCC_C_LANGUAGE_STANDARD = gnu99;
				GCC_DYNAMIC_NO_PIC = NO;
				GCC_OPTIMIZATION_LEVEL = 0;
				GCC_PREPROCESSOR_DEFINITIONS = (
					"DEBUG=1",
					"$(inherited)",
				);
				GCC_SYMBOLS_PRIVATE_EXTERN = NO;
				GCC_VERSION = com.apple.compilers.llvm.clang.1_0;
				GCC_WARN_ABOUT_RETURN_TYPE = YES;
				GCC_WARN_UNINITIALIZED_AUTOS = YES;
				GCC_WARN_UNUSED_VARIABLE = YES;
				IPHONEOS_DEPLOYMENT_TARGET = 5.1;
				SDKROOT = iphoneos;
				TARGETED_DEVICE_FAMILY = 2;
			};
			name = Debug;
		};
		BFD3B58B15BF69A600DB2F3C /* Release */ = {
			isa = XCBuildConfiguration;
			buildSettings = {
				ALWAYS_SEARCH_USER_PATHS = NO;
				ARCHS = "$(ARCHS_STANDARD_32_BIT)";
				CLANG_ENABLE_OBJC_ARC = YES;
				"CODE_SIGN_IDENTITY[sdk=iphoneos*]" = "iPhone Developer";
				COPY_PHASE_STRIP = YES;
				GCC_C_LANGUAGE_STANDARD = gnu99;
				GCC_VERSION = com.apple.compilers.llvm.clang.1_0;
				GCC_WARN_ABOUT_RETURN_TYPE = YES;
				GCC_WARN_UNINITIALIZED_AUTOS = YES;
				GCC_WARN_UNUSED_VARIABLE = YES;
				IPHONEOS_DEPLOYMENT_TARGET = 5.1;
				OTHER_CFLAGS = "-DNS_BLOCK_ASSERTIONS=1";
				SDKROOT = iphoneos;
				TARGETED_DEVICE_FAMILY = 2;
				VALIDATE_PRODUCT = YES;
			};
			name = Release;
		};
		BFD3B58D15BF69A600DB2F3C /* Debug */ = {
			isa = XCBuildConfiguration;
			buildSettings = {
				GCC_PRECOMPILE_PREFIX_HEADER = YES;
				GCC_PREFIX_HEADER = "MDF1-wk4/MDF1-wk4-Prefix.pch";
				INFOPLIST_FILE = "MDF1-wk4/MDF1-wk4-Info.plist";
				PRODUCT_NAME = "$(TARGET_NAME)";
				WRAPPER_EXTENSION = app;
			};
			name = Debug;
		};
		BFD3B58E15BF69A600DB2F3C /* Release */ = {
			isa = XCBuildConfiguration;
			buildSettings = {
				GCC_PRECOMPILE_PREFIX_HEADER = YES;
				GCC_PREFIX_HEADER = "MDF1-wk4/MDF1-wk4-Prefix.pch";
				INFOPLIST_FILE = "MDF1-wk4/MDF1-wk4-Info.plist";
				PRODUCT_NAME = "$(TARGET_NAME)";
				WRAPPER_EXTENSION = app;
			};
			name = Release;
		};
/* End XCBuildConfiguration section */

/* Begin XCConfigurationList section */
		BFD3B56215BF69A600DB2F3C /* Build configuration list for PBXProject "MDF1-wk4" */ = {
			isa = XCConfigurationList;
			buildConfigurations = (
				BFD3B58A15BF69A600DB2F3C /* Debug */,
				BFD3B58B15BF69A600DB2F3C /* Release */,
			);
			defaultConfigurationIsVisible = 0;
			defaultConfigurationName = Release;
		};
		BFD3B58C15BF69A600DB2F3C /* Build configuration list for PBXNativeTarget "MDF1-wk4" */ = {
			isa = XCConfigurationList;
			buildConfigurations = (
				BFD3B58D15BF69A600DB2F3C /* Debug */,
				BFD3B58E15BF69A600DB2F3C /* Release */,
			);
			defaultConfigurationIsVisible = 0;
		};
/* End XCConfigurationList section */
	};
	rootObject = BFD3B55F15BF69A600DB2F3C /* Project object */;
}
