// !$*UTF8*$!
{
	archiveVersion = 1;
	classes = {
	};
	objectVersion = 46;
	objects = {

/* Begin PBXBuildFile section */
		BF8A016D15B4AFD300CED077 /* UIKit.framework in Frameworks */ = {isa = PBXBuildFile; fileRef = BF8A016C15B4AFD300CED077 /* UIKit.framework */; };
		BF8A016F15B4AFD300CED077 /* Foundation.framework in Frameworks */ = {isa = PBXBuildFile; fileRef = BF8A016E15B4AFD300CED077 /* Foundation.framework */; };
		BF8A017115B4AFD300CED077 /* CoreGraphics.framework in Frameworks */ = {isa = PBXBuildFile; fileRef = BF8A017015B4AFD300CED077 /* CoreGraphics.framework */; };
		BF8A017715B4AFD300CED077 /* InfoPlist.strings in Resources */ = {isa = PBXBuildFile; fileRef = BF8A017515B4AFD300CED077 /* InfoPlist.strings */; };
		BF8A017915B4AFD300CED077 /* main.m in Sources */ = {isa = PBXBuildFile; fileRef = BF8A017815B4AFD300CED077 /* main.m */; };
		BF8A017D15B4AFD300CED077 /* AppDelegate.m in Sources */ = {isa = PBXBuildFile; fileRef = BF8A017C15B4AFD300CED077 /* AppDelegate.m */; };
		BF8A018015B4AFD300CED077 /* FirstViewController.m in Sources */ = {isa = PBXBuildFile; fileRef = BF8A017F15B4AFD300CED077 /* FirstViewController.m */; };
		BF8A018215B4AFD300CED077 /* first.png in Resources */ = {isa = PBXBuildFile; fileRef = BF8A018115B4AFD300CED077 /* first.png */; };
		BF8A018415B4AFD300CED077 /* first@2x.png in Resources */ = {isa = PBXBuildFile; fileRef = BF8A018315B4AFD300CED077 /* first@2x.png */; };
		BF8A018915B4AFD300CED077 /* second.png in Resources */ = {isa = PBXBuildFile; fileRef = BF8A018815B4AFD300CED077 /* second.png */; };
		BF8A018B15B4AFD300CED077 /* second@2x.png in Resources */ = {isa = PBXBuildFile; fileRef = BF8A018A15B4AFD300CED077 /* second@2x.png */; };
		BF8A018E15B4AFD300CED077 /* FirstViewController.xib in Resources */ = {isa = PBXBuildFile; fileRef = BF8A018C15B4AFD300CED077 /* FirstViewController.xib */; };
		BF8A019D15B4BD7D00CED077 /* fictBusiness.plist in Resources */ = {isa = PBXBuildFile; fileRef = BF8A019C15B4BD7D00CED077 /* fictBusiness.plist */; };
		BF8A01AB15B4CBCD00CED077 /* CellViewController.xib in Resources */ = {isa = PBXBuildFile; fileRef = BF8A01AA15B4CBCD00CED077 /* CellViewController.xib */; };
		BF8A01AE15B4CEC200CED077 /* TableViewCellController.m in Sources */ = {isa = PBXBuildFile; fileRef = BF8A01AD15B4CEC200CED077 /* TableViewCellController.m */; };
		BF8A01B615B5E4E400CED077 /* businessInfoViewViewController.m in Sources */ = {isa = PBXBuildFile; fileRef = BF8A01B415B5E4E300CED077 /* businessInfoViewViewController.m */; };
		BF8A01B715B5E4E400CED077 /* businessInfoViewViewController.xib in Resources */ = {isa = PBXBuildFile; fileRef = BF8A01B515B5E4E400CED077 /* businessInfoViewViewController.xib */; };
		BF8A01B915B5E5F100CED077 /* MapKit.framework in Frameworks */ = {isa = PBXBuildFile; fileRef = BF8A01B815B5E5F100CED077 /* MapKit.framework */; };
		BF8A01BC15B625C800CED077 /* myMapAnno.m in Sources */ = {isa = PBXBuildFile; fileRef = BF8A01BB15B625C700CED077 /* myMapAnno.m */; };
		BF8A01C015B63F8000CED077 /* LargeMapViewController.m in Sources */ = {isa = PBXBuildFile; fileRef = BF8A01BE15B63F7F00CED077 /* LargeMapViewController.m */; };
		BF8A01C115B63F8000CED077 /* LargeMapViewController.xib in Resources */ = {isa = PBXBuildFile; fileRef = BF8A01BF15B63F7F00CED077 /* LargeMapViewController.xib */; };
		BF8A01C715B7B36D00CED077 /* house.png in Resources */ = {isa = PBXBuildFile; fileRef = BF8A01C615B7B36D00CED077 /* house.png */; };
		BF8A01C915B7B63E00CED077 /* pin.png in Resources */ = {isa = PBXBuildFile; fileRef = BF8A01C815B7B63E00CED077 /* pin.png */; };
/* End PBXBuildFile section */

/* Begin PBXFileReference section */
		BF8A016815B4AFD300CED077 /* MDF1-wk3.app */ = {isa = PBXFileReference; explicitFileType = wrapper.application; includeInIndex = 0; path = "MDF1-wk3.app"; sourceTree = BUILT_PRODUCTS_DIR; };
		BF8A016C15B4AFD300CED077 /* UIKit.framework */ = {isa = PBXFileReference; lastKnownFileType = wrapper.framework; name = UIKit.framework; path = System/Library/Frameworks/UIKit.framework; sourceTree = SDKROOT; };
		BF8A016E15B4AFD300CED077 /* Foundation.framework */ = {isa = PBXFileReference; lastKnownFileType = wrapper.framework; name = Foundation.framework; path = System/Library/Frameworks/Foundation.framework; sourceTree = SDKROOT; };
		BF8A017015B4AFD300CED077 /* CoreGraphics.framework */ = {isa = PBXFileReference; lastKnownFileType = wrapper.framework; name = CoreGraphics.framework; path = System/Library/Frameworks/CoreGraphics.framework; sourceTree = SDKROOT; };
		BF8A017415B4AFD300CED077 /* MDF1-wk3-Info.plist */ = {isa = PBXFileReference; lastKnownFileType = text.plist.xml; path = "MDF1-wk3-Info.plist"; sourceTree = "<group>"; };
		BF8A017615B4AFD300CED077 /* en */ = {isa = PBXFileReference; lastKnownFileType = text.plist.strings; name = en; path = en.lproj/InfoPlist.strings; sourceTree = "<group>"; };
		BF8A017815B4AFD300CED077 /* main.m */ = {isa = PBXFileReference; lastKnownFileType = sourcecode.c.objc; path = main.m; sourceTree = "<group>"; };
		BF8A017A15B4AFD300CED077 /* MDF1-wk3-Prefix.pch */ = {isa = PBXFileReference; lastKnownFileType = sourcecode.c.h; path = "MDF1-wk3-Prefix.pch"; sourceTree = "<group>"; };
		BF8A017B15B4AFD300CED077 /* AppDelegate.h */ = {isa = PBXFileReference; lastKnownFileType = sourcecode.c.h; path = AppDelegate.h; sourceTree = "<group>"; };
		BF8A017C15B4AFD300CED077 /* AppDelegate.m */ = {isa = PBXFileReference; lastKnownFileType = sourcecode.c.objc; path = AppDelegate.m; sourceTree = "<group>"; };
		BF8A017E15B4AFD300CED077 /* FirstViewController.h */ = {isa = PBXFileReference; lastKnownFileType = sourcecode.c.h; path = FirstViewController.h; sourceTree = "<group>"; };
		BF8A017F15B4AFD300CED077 /* FirstViewController.m */ = {isa = PBXFileReference; lastKnownFileType = sourcecode.c.objc; path = FirstViewController.m; sourceTree = "<group>"; };
		BF8A018115B4AFD300CED077 /* first.png */ = {isa = PBXFileReference; lastKnownFileType = image.png; path = first.png; sourceTree = "<group>"; };
		BF8A018315B4AFD300CED077 /* first@2x.png */ = {isa = PBXFileReference; lastKnownFileType = image.png; path = "first@2x.png"; sourceTree = "<group>"; };
		BF8A018815B4AFD300CED077 /* second.png */ = {isa = PBXFileReference; lastKnownFileType = image.png; path = second.png; sourceTree = "<group>"; };
		BF8A018A15B4AFD300CED077 /* second@2x.png */ = {isa = PBXFileReference; lastKnownFileType = image.png; path = "second@2x.png"; sourceTree = "<group>"; };
		BF8A018D15B4AFD300CED077 /* en */ = {isa = PBXFileReference; lastKnownFileType = file.xib; name = en; path = en.lproj/FirstViewController.xib; sourceTree = "<group>"; };
		BF8A019C15B4BD7D00CED077 /* fictBusiness.plist */ = {isa = PBXFileReference; fileEncoding = 4; lastKnownFileType = text.plist.xml; path = fictBusiness.plist; sourceTree = "<group>"; };
		BF8A01AA15B4CBCD00CED077 /* CellViewController.xib */ = {isa = PBXFileReference; fileEncoding = 4; lastKnownFileType = file.xib; path = CellViewController.xib; sourceTree = "<group>"; };
		BF8A01AC15B4CEC100CED077 /* TableViewCellController.h */ = {isa = PBXFileReference; fileEncoding = 4; lastKnownFileType = sourcecode.c.h; path = TableViewCellController.h; sourceTree = "<group>"; };
		BF8A01AD15B4CEC200CED077 /* TableViewCellController.m */ = {isa = PBXFileReference; fileEncoding = 4; lastKnownFileType = sourcecode.c.objc; path = TableViewCellController.m; sourceTree = "<group>"; };
		BF8A01B315B5E4E300CED077 /* businessInfoViewViewController.h */ = {isa = PBXFileReference; fileEncoding = 4; lastKnownFileType = sourcecode.c.h; path = businessInfoViewViewController.h; sourceTree = "<group>"; };
		BF8A01B415B5E4E300CED077 /* businessInfoViewViewController.m */ = {isa = PBXFileReference; fileEncoding = 4; lastKnownFileType = sourcecode.c.objc; path = businessInfoViewViewController.m; sourceTree = "<group>"; };
		BF8A01B515B5E4E400CED077 /* businessInfoViewViewController.xib */ = {isa = PBXFileReference; fileEncoding = 4; lastKnownFileType = file.xib; path = businessInfoViewViewController.xib; sourceTree = "<group>"; };
		BF8A01B815B5E5F100CED077 /* MapKit.framework */ = {isa = PBXFileReference; lastKnownFileType = wrapper.framework; name = MapKit.framework; path = System/Library/Frameworks/MapKit.framework; sourceTree = SDKROOT; };
		BF8A01BA15B625C700CED077 /* myMapAnno.h */ = {isa = PBXFileReference; fileEncoding = 4; lastKnownFileType = sourcecode.c.h; path = myMapAnno.h; sourceTree = "<group>"; };
		BF8A01BB15B625C700CED077 /* myMapAnno.m */ = {isa = PBXFileReference; fileEncoding = 4; lastKnownFileType = sourcecode.c.objc; path = myMapAnno.m; sourceTree = "<group>"; };
		BF8A01BD15B63F7F00CED077 /* LargeMapViewController.h */ = {isa = PBXFileReference; fileEncoding = 4; lastKnownFileType = sourcecode.c.h; path = LargeMapViewController.h; sourceTree = "<group>"; };
		BF8A01BE15B63F7F00CED077 /* LargeMapViewController.m */ = {isa = PBXFileReference; fileEncoding = 4; lastKnownFileType = sourcecode.c.objc; path = LargeMapViewController.m; sourceTree = "<group>"; };
		BF8A01BF15B63F7F00CED077 /* LargeMapViewController.xib */ = {isa = PBXFileReference; fileEncoding = 4; lastKnownFileType = file.xib; path = LargeMapViewController.xib; sourceTree = "<group>"; };
		BF8A01C615B7B36D00CED077 /* house.png */ = {isa = PBXFileReference; lastKnownFileType = image.png; path = house.png; sourceTree = "<group>"; };
		BF8A01C815B7B63E00CED077 /* pin.png */ = {isa = PBXFileReference; lastKnownFileType = image.png; path = pin.png; sourceTree = "<group>"; };
/* End PBXFileReference section */

/* Begin PBXFrameworksBuildPhase section */
		BF8A016515B4AFD300CED077 /* Frameworks */ = {
			isa = PBXFrameworksBuildPhase;
			buildActionMask = 2147483647;
			files = (
				BF8A01B915B5E5F100CED077 /* MapKit.framework in Frameworks */,
				BF8A016D15B4AFD300CED077 /* UIKit.framework in Frameworks */,
				BF8A016F15B4AFD300CED077 /* Foundation.framework in Frameworks */,
				BF8A017115B4AFD300CED077 /* CoreGraphics.framework in Frameworks */,
			);
			runOnlyForDeploymentPostprocessing = 0;
		};
/* End PBXFrameworksBuildPhase section */

/* Begin PBXGroup section */
		BF8A015D15B4AFD200CED077 = {
			isa = PBXGroup;
			children = (
				BF8A017215B4AFD300CED077 /* MDF1-wk3 */,
				BF8A016B15B4AFD300CED077 /* Frameworks */,
				BF8A016915B4AFD300CED077 /* Products */,
			);
			sourceTree = "<group>";
		};
		BF8A016915B4AFD300CED077 /* Products */ = {
			isa = PBXGroup;
			children = (
				BF8A016815B4AFD300CED077 /* MDF1-wk3.app */,
			);
			name = Products;
			sourceTree = "<group>";
		};
		BF8A016B15B4AFD300CED077 /* Frameworks */ = {
			isa = PBXGroup;
			children = (
				BF8A01B815B5E5F100CED077 /* MapKit.framework */,
				BF8A016C15B4AFD300CED077 /* UIKit.framework */,
				BF8A016E15B4AFD300CED077 /* Foundation.framework */,
				BF8A017015B4AFD300CED077 /* CoreGraphics.framework */,
			);
			name = Frameworks;
			sourceTree = "<group>";
		};
		BF8A017215B4AFD300CED077 /* MDF1-wk3 */ = {
			isa = PBXGroup;
			children = (
				BF8A017B15B4AFD300CED077 /* AppDelegate.h */,
				BF8A017C15B4AFD300CED077 /* AppDelegate.m */,
				BF8A017E15B4AFD300CED077 /* FirstViewController.h */,
				BF8A017F15B4AFD300CED077 /* FirstViewController.m */,
				BF8A01C815B7B63E00CED077 /* pin.png */,
				BF8A01C615B7B36D00CED077 /* house.png */,
				BF8A018C15B4AFD300CED077 /* FirstViewController.xib */,
				BF8A018115B4AFD300CED077 /* first.png */,
				BF8A018315B4AFD300CED077 /* first@2x.png */,
				BF8A01BD15B63F7F00CED077 /* LargeMapViewController.h */,
				BF8A01BE15B63F7F00CED077 /* LargeMapViewController.m */,
				BF8A01BF15B63F7F00CED077 /* LargeMapViewController.xib */,
				BF8A018815B4AFD300CED077 /* second.png */,
				BF8A018A15B4AFD300CED077 /* second@2x.png */,
				BF8A01AC15B4CEC100CED077 /* TableViewCellController.h */,
				BF8A01AD15B4CEC200CED077 /* TableViewCellController.m */,
				BF8A01AA15B4CBCD00CED077 /* CellViewController.xib */,
				BF8A01B315B5E4E300CED077 /* businessInfoViewViewController.h */,
				BF8A01B415B5E4E300CED077 /* businessInfoViewViewController.m */,
				BF8A01B515B5E4E400CED077 /* businessInfoViewViewController.xib */,
				BF8A01BA15B625C700CED077 /* myMapAnno.h */,
				BF8A01BB15B625C700CED077 /* myMapAnno.m */,
				BF8A017315B4AFD300CED077 /* Supporting Files */,
			);
			path = "MDF1-wk3";
			sourceTree = "<group>";
		};
		BF8A017315B4AFD300CED077 /* Supporting Files */ = {
			isa = PBXGroup;
			children = (
				BF8A019C15B4BD7D00CED077 /* fictBusiness.plist */,
				BF8A017415B4AFD300CED077 /* MDF1-wk3-Info.plist */,
				BF8A017515B4AFD300CED077 /* InfoPlist.strings */,
				BF8A017815B4AFD300CED077 /* main.m */,
				BF8A017A15B4AFD300CED077 /* MDF1-wk3-Prefix.pch */,
			);
			name = "Supporting Files";
			sourceTree = "<group>";
		};
/* End PBXGroup section */

/* Begin PBXNativeTarget section */
		BF8A016715B4AFD300CED077 /* MDF1-wk3 */ = {
			isa = PBXNativeTarget;
			buildConfigurationList = BF8A019415B4AFD300CED077 /* Build configuration list for PBXNativeTarget "MDF1-wk3" */;
			buildPhases = (
				BF8A016415B4AFD300CED077 /* Sources */,
				BF8A016515B4AFD300CED077 /* Frameworks */,
				BF8A016615B4AFD300CED077 /* Resources */,
			);
			buildRules = (
			);
			dependencies = (
			);
			name = "MDF1-wk3";
			productName = "MDF1-wk3";
			productReference = BF8A016815B4AFD300CED077 /* MDF1-wk3.app */;
			productType = "com.apple.product-type.application";
		};
/* End PBXNativeTarget section */

/* Begin PBXProject section */
		BF8A015F15B4AFD200CED077 /* Project object */ = {
			isa = PBXProject;
			attributes = {
				LastUpgradeCheck = 0430;
			};
			buildConfigurationList = BF8A016215B4AFD200CED077 /* Build configuration list for PBXProject "MDF1-wk3" */;
			compatibilityVersion = "Xcode 3.2";
			developmentRegion = English;
			hasScannedForEncodings = 0;
			knownRegions = (
				en,
			);
			mainGroup = BF8A015D15B4AFD200CED077;
			productRefGroup = BF8A016915B4AFD300CED077 /* Products */;
			projectDirPath = "";
			projectRoot = "";
			targets = (
				BF8A016715B4AFD300CED077 /* MDF1-wk3 */,
			);
		};
/* End PBXProject section */

/* Begin PBXResourcesBuildPhase section */
		BF8A016615B4AFD300CED077 /* Resources */ = {
			isa = PBXResourcesBuildPhase;
			buildActionMask = 2147483647;
			files = (
				BF8A017715B4AFD300CED077 /* InfoPlist.strings in Resources */,
				BF8A018215B4AFD300CED077 /* first.png in Resources */,
				BF8A018415B4AFD300CED077 /* first@2x.png in Resources */,
				BF8A018915B4AFD300CED077 /* second.png in Resources */,
				BF8A018B15B4AFD300CED077 /* second@2x.png in Resources */,
				BF8A018E15B4AFD300CED077 /* FirstViewController.xib in Resources */,
				BF8A019D15B4BD7D00CED077 /* fictBusiness.plist in Resources */,
				BF8A01AB15B4CBCD00CED077 /* CellViewController.xib in Resources */,
				BF8A01B715B5E4E400CED077 /* businessInfoViewViewController.xib in Resources */,
				BF8A01C115B63F8000CED077 /* LargeMapViewController.xib in Resources */,
				BF8A01C715B7B36D00CED077 /* house.png in Resources */,
				BF8A01C915B7B63E00CED077 /* pin.png in Resources */,
			);
			runOnlyForDeploymentPostprocessing = 0;
		};
/* End PBXResourcesBuildPhase section */

/* Begin PBXSourcesBuildPhase section */
		BF8A016415B4AFD300CED077 /* Sources */ = {
			isa = PBXSourcesBuildPhase;
			buildActionMask = 2147483647;
			files = (
				BF8A017915B4AFD300CED077 /* main.m in Sources */,
				BF8A017D15B4AFD300CED077 /* AppDelegate.m in Sources */,
				BF8A018015B4AFD300CED077 /* FirstViewController.m in Sources */,
				BF8A01AE15B4CEC200CED077 /* TableViewCellController.m in Sources */,
				BF8A01B615B5E4E400CED077 /* businessInfoViewViewController.m in Sources */,
				BF8A01BC15B625C800CED077 /* myMapAnno.m in Sources */,
				BF8A01C015B63F8000CED077 /* LargeMapViewController.m in Sources */,
			);
			runOnlyForDeploymentPostprocessing = 0;
		};
/* End PBXSourcesBuildPhase section */

/* Begin PBXVariantGroup section */
		BF8A017515B4AFD300CED077 /* InfoPlist.strings */ = {
			isa = PBXVariantGroup;
			children = (
				BF8A017615B4AFD300CED077 /* en */,
			);
			name = InfoPlist.strings;
			sourceTree = "<group>";
		};
		BF8A018C15B4AFD300CED077 /* FirstViewController.xib */ = {
			isa = PBXVariantGroup;
			children = (
				BF8A018D15B4AFD300CED077 /* en */,
			);
			name = FirstViewController.xib;
			sourceTree = "<group>";
		};
/* End PBXVariantGroup section */

/* Begin XCBuildConfiguration section */
		BF8A019215B4AFD300CED077 /* Debug */ = {
			isa = XCBuildConfiguration;
			buildSettings = {
				ALWAYS_SEARCH_USER_PATHS = NO;
				ARCHS = "$(ARCHS_STANDARD_32_BIT)";
				CLANG_ENABLE_OBJC_ARC = YES;
				"CODE_SIGN_IDENTITY[sdk=iphoneos*]" = "iPhone Developer";
				COPY_PHASE_STRIP = NO;
				GCC_C_LANGUAGE_STANDARD = gnu99;
				GCC_DYNAMIC_NO_PIC = NO;
				GCC_OPTIMIZATION_LEVEL = 0;
				GCC_PREPROCESSOR_DEFINITIONS = (
					"DEBUG=1",
					"$(inherited)",
				);
				GCC_SYMBOLS_PRIVATE_EXTERN = NO;
				GCC_VERSION = com.apple.compilers.llvm.clang.1_0;
				GCC_WARN_ABOUT_RETURN_TYPE = YES;
				GCC_WARN_UNINITIALIZED_AUTOS = YES;
				GCC_WARN_UNUSED_VARIABLE = YES;
				IPHONEOS_DEPLOYMENT_TARGET = 5.1;
				SDKROOT = iphoneos;
			};
			name = Debug;
		};
		BF8A019315B4AFD300CED077 /* Release */ = {
			isa = XCBuildConfiguration;
			buildSettings = {
				ALWAYS_SEARCH_USER_PATHS = NO;
				ARCHS = "$(ARCHS_STANDARD_32_BIT)";
				CLANG_ENABLE_OBJC_ARC = YES;
				"CODE_SIGN_IDENTITY[sdk=iphoneos*]" = "iPhone Developer";
				COPY_PHASE_STRIP = YES;
				GCC_C_LANGUAGE_STANDARD = gnu99;
				GCC_VERSION = com.apple.compilers.llvm.clang.1_0;
				GCC_WARN_ABOUT_RETURN_TYPE = YES;
				GCC_WARN_UNINITIALIZED_AUTOS = YES;
				GCC_WARN_UNUSED_VARIABLE = YES;
				IPHONEOS_DEPLOYMENT_TARGET = 5.1;
				OTHER_CFLAGS = "-DNS_BLOCK_ASSERTIONS=1";
				SDKROOT = iphoneos;
				VALIDATE_PRODUCT = YES;
			};
			name = Release;
		};
		BF8A019515B4AFD300CED077 /* Debug */ = {
			isa = XCBuildConfiguration;
			buildSettings = {
				GCC_PRECOMPILE_PREFIX_HEADER = YES;
				GCC_PREFIX_HEADER = "MDF1-wk3/MDF1-wk3-Prefix.pch";
				INFOPLIST_FILE = "MDF1-wk3/MDF1-wk3-Info.plist";
				PRODUCT_NAME = "$(TARGET_NAME)";
				WRAPPER_EXTENSION = app;
			};
			name = Debug;
		};
		BF8A019615B4AFD300CED077 /* Release */ = {
			isa = XCBuildConfiguration;
			buildSettings = {
				GCC_PRECOMPILE_PREFIX_HEADER = YES;
				GCC_PREFIX_HEADER = "MDF1-wk3/MDF1-wk3-Prefix.pch";
				INFOPLIST_FILE = "MDF1-wk3/MDF1-wk3-Info.plist";
				PRODUCT_NAME = "$(TARGET_NAME)";
				WRAPPER_EXTENSION = app;
			};
			name = Release;
		};
/* End XCBuildConfiguration section */

/* Begin XCConfigurationList section */
		BF8A016215B4AFD200CED077 /* Build configuration list for PBXProject "MDF1-wk3" */ = {
			isa = XCConfigurationList;
			buildConfigurations = (
				BF8A019215B4AFD300CED077 /* Debug */,
				BF8A019315B4AFD300CED077 /* Release */,
			);
			defaultConfigurationIsVisible = 0;
			defaultConfigurationName = Release;
		};
		BF8A019415B4AFD300CED077 /* Build configuration list for PBXNativeTarget "MDF1-wk3" */ = {
			isa = XCConfigurationList;
			buildConfigurations = (
				BF8A019515B4AFD300CED077 /* Debug */,
				BF8A019615B4AFD300CED077 /* Release */,
			);
			defaultConfigurationIsVisible = 0;
		};
/* End XCConfigurationList section */
	};
	rootObject = BF8A015F15B4AFD200CED077 /* Project object */;
}
