// !$*UTF8*$!
{
	archiveVersion = 1;
	classes = {
	};
	objectVersion = 46;
	objects = {

/* Begin PBXBuildFile section */
		BFD9FC0015ACBD88004F3A9C /* UIKit.framework in Frameworks */ = {isa = PBXBuildFile; fileRef = BFD9FBFF15ACBD88004F3A9C /* UIKit.framework */; };
		BFD9FC0215ACBD88004F3A9C /* Foundation.framework in Frameworks */ = {isa = PBXBuildFile; fileRef = BFD9FC0115ACBD88004F3A9C /* Foundation.framework */; };
		BFD9FC0415ACBD88004F3A9C /* CoreGraphics.framework in Frameworks */ = {isa = PBXBuildFile; fileRef = BFD9FC0315ACBD88004F3A9C /* CoreGraphics.framework */; };
		BFD9FC0A15ACBD88004F3A9C /* InfoPlist.strings in Resources */ = {isa = PBXBuildFile; fileRef = BFD9FC0815ACBD88004F3A9C /* InfoPlist.strings */; };
		BFD9FC0C15ACBD88004F3A9C /* main.m in Sources */ = {isa = PBXBuildFile; fileRef = BFD9FC0B15ACBD88004F3A9C /* main.m */; };
		BFD9FC1015ACBD88004F3A9C /* AppDelegate.m in Sources */ = {isa = PBXBuildFile; fileRef = BFD9FC0F15ACBD88004F3A9C /* AppDelegate.m */; };
		BFD9FC1315ACBD88004F3A9C /* FirstViewController.m in Sources */ = {isa = PBXBuildFile; fileRef = BFD9FC1215ACBD88004F3A9C /* FirstViewController.m */; };
		BFD9FC1515ACBD88004F3A9C /* first.png in Resources */ = {isa = PBXBuildFile; fileRef = BFD9FC1415ACBD88004F3A9C /* first.png */; };
		BFD9FC1715ACBD88004F3A9C /* first@2x.png in Resources */ = {isa = PBXBuildFile; fileRef = BFD9FC1615ACBD88004F3A9C /* first@2x.png */; };
		BFD9FC1A15ACBD88004F3A9C /* SecondViewController.m in Sources */ = {isa = PBXBuildFile; fileRef = BFD9FC1915ACBD88004F3A9C /* SecondViewController.m */; };
		BFD9FC1C15ACBD88004F3A9C /* second.png in Resources */ = {isa = PBXBuildFile; fileRef = BFD9FC1B15ACBD88004F3A9C /* second.png */; };
		BFD9FC1E15ACBD88004F3A9C /* second@2x.png in Resources */ = {isa = PBXBuildFile; fileRef = BFD9FC1D15ACBD88004F3A9C /* second@2x.png */; };
		BFD9FC2115ACBD88004F3A9C /* FirstViewController.xib in Resources */ = {isa = PBXBuildFile; fileRef = BFD9FC1F15ACBD88004F3A9C /* FirstViewController.xib */; };
		BFD9FC2415ACBD88004F3A9C /* SecondViewController.xib in Resources */ = {isa = PBXBuildFile; fileRef = BFD9FC2215ACBD88004F3A9C /* SecondViewController.xib */; };
		BFD9FC2D15ACBE3D004F3A9C /* ThirdViewController.m in Sources */ = {isa = PBXBuildFile; fileRef = BFD9FC2B15ACBE3D004F3A9C /* ThirdViewController.m */; };
		BFD9FC2E15ACBE3D004F3A9C /* ThirdViewController.xib in Resources */ = {isa = PBXBuildFile; fileRef = BFD9FC2C15ACBE3D004F3A9C /* ThirdViewController.xib */; };
		BFD9FC3715ACCB90004F3A9C /* 8BALL.png in Resources */ = {isa = PBXBuildFile; fileRef = BFD9FC3615ACCB90004F3A9C /* 8BALL.png */; };
		BFD9FC4115ACD1A5004F3A9C /* TableCellViewController.xib in Resources */ = {isa = PBXBuildFile; fileRef = BFD9FC3F15ACD1A4004F3A9C /* TableCellViewController.xib */; };
		BFD9FC4415ACD85F004F3A9C /* TableCellViewController.m in Sources */ = {isa = PBXBuildFile; fileRef = BFD9FC4315ACD85F004F3A9C /* TableCellViewController.m */; };
		BFD9FC4615ACE7CE004F3A9C /* children.plist in Resources */ = {isa = PBXBuildFile; fileRef = BFD9FC4515ACE7CE004F3A9C /* children.plist */; };
		BFD9FC4C15AD5A24004F3A9C /* infoViewController.m in Sources */ = {isa = PBXBuildFile; fileRef = BFD9FC4A15AD5A24004F3A9C /* infoViewController.m */; };
		BFD9FC4D15AD5A24004F3A9C /* infoViewController.xib in Resources */ = {isa = PBXBuildFile; fileRef = BFD9FC4B15AD5A24004F3A9C /* infoViewController.xib */; };
/* End PBXBuildFile section */

/* Begin PBXFileReference section */
		BFD9FBFB15ACBD88004F3A9C /* MDF1-wk2.app */ = {isa = PBXFileReference; explicitFileType = wrapper.application; includeInIndex = 0; path = "MDF1-wk2.app"; sourceTree = BUILT_PRODUCTS_DIR; };
		BFD9FBFF15ACBD88004F3A9C /* UIKit.framework */ = {isa = PBXFileReference; lastKnownFileType = wrapper.framework; name = UIKit.framework; path = System/Library/Frameworks/UIKit.framework; sourceTree = SDKROOT; };
		BFD9FC0115ACBD88004F3A9C /* Foundation.framework */ = {isa = PBXFileReference; lastKnownFileType = wrapper.framework; name = Foundation.framework; path = System/Library/Frameworks/Foundation.framework; sourceTree = SDKROOT; };
		BFD9FC0315ACBD88004F3A9C /* CoreGraphics.framework */ = {isa = PBXFileReference; lastKnownFileType = wrapper.framework; name = CoreGraphics.framework; path = System/Library/Frameworks/CoreGraphics.framework; sourceTree = SDKROOT; };
		BFD9FC0715ACBD88004F3A9C /* MDF1-wk2-Info.plist */ = {isa = PBXFileReference; lastKnownFileType = text.plist.xml; path = "MDF1-wk2-Info.plist"; sourceTree = "<group>"; };
		BFD9FC0915ACBD88004F3A9C /* en */ = {isa = PBXFileReference; lastKnownFileType = text.plist.strings; name = en; path = en.lproj/InfoPlist.strings; sourceTree = "<group>"; };
		BFD9FC0B15ACBD88004F3A9C /* main.m */ = {isa = PBXFileReference; lastKnownFileType = sourcecode.c.objc; path = main.m; sourceTree = "<group>"; };
		BFD9FC0D15ACBD88004F3A9C /* MDF1-wk2-Prefix.pch */ = {isa = PBXFileReference; lastKnownFileType = sourcecode.c.h; path = "MDF1-wk2-Prefix.pch"; sourceTree = "<group>"; };
		BFD9FC0E15ACBD88004F3A9C /* AppDelegate.h */ = {isa = PBXFileReference; lastKnownFileType = sourcecode.c.h; path = AppDelegate.h; sourceTree = "<group>"; };
		BFD9FC0F15ACBD88004F3A9C /* AppDelegate.m */ = {isa = PBXFileReference; lastKnownFileType = sourcecode.c.objc; path = AppDelegate.m; sourceTree = "<group>"; };
		BFD9FC1115ACBD88004F3A9C /* FirstViewController.h */ = {isa = PBXFileReference; lastKnownFileType = sourcecode.c.h; path = FirstViewController.h; sourceTree = "<group>"; };
		BFD9FC1215ACBD88004F3A9C /* FirstViewController.m */ = {isa = PBXFileReference; lastKnownFileType = sourcecode.c.objc; path = FirstViewController.m; sourceTree = "<group>"; };
		BFD9FC1415ACBD88004F3A9C /* first.png */ = {isa = PBXFileReference; lastKnownFileType = image.png; path = first.png; sourceTree = "<group>"; };
		BFD9FC1615ACBD88004F3A9C /* first@2x.png */ = {isa = PBXFileReference; lastKnownFileType = image.png; path = "first@2x.png"; sourceTree = "<group>"; };
		BFD9FC1815ACBD88004F3A9C /* SecondViewController.h */ = {isa = PBXFileReference; lastKnownFileType = sourcecode.c.h; path = SecondViewController.h; sourceTree = "<group>"; };
		BFD9FC1915ACBD88004F3A9C /* SecondViewController.m */ = {isa = PBXFileReference; lastKnownFileType = sourcecode.c.objc; path = SecondViewController.m; sourceTree = "<group>"; };
		BFD9FC1B15ACBD88004F3A9C /* second.png */ = {isa = PBXFileReference; lastKnownFileType = image.png; path = second.png; sourceTree = "<group>"; };
		BFD9FC1D15ACBD88004F3A9C /* second@2x.png */ = {isa = PBXFileReference; lastKnownFileType = image.png; path = "second@2x.png"; sourceTree = "<group>"; };
		BFD9FC2015ACBD88004F3A9C /* en */ = {isa = PBXFileReference; lastKnownFileType = file.xib; name = en; path = en.lproj/FirstViewController.xib; sourceTree = "<group>"; };
		BFD9FC2315ACBD88004F3A9C /* en */ = {isa = PBXFileReference; lastKnownFileType = file.xib; name = en; path = en.lproj/SecondViewController.xib; sourceTree = "<group>"; };
		BFD9FC2A15ACBE3D004F3A9C /* ThirdViewController.h */ = {isa = PBXFileReference; fileEncoding = 4; lastKnownFileType = sourcecode.c.h; name = ThirdViewController.h; path = ../ThirdViewController.h; sourceTree = "<group>"; };
		BFD9FC2B15ACBE3D004F3A9C /* ThirdViewController.m */ = {isa = PBXFileReference; fileEncoding = 4; lastKnownFileType = sourcecode.c.objc; name = ThirdViewController.m; path = ../ThirdViewController.m; sourceTree = "<group>"; };
		BFD9FC2C15ACBE3D004F3A9C /* ThirdViewController.xib */ = {isa = PBXFileReference; fileEncoding = 4; lastKnownFileType = file.xib; name = ThirdViewController.xib; path = ../ThirdViewController.xib; sourceTree = "<group>"; };
		BFD9FC3615ACCB90004F3A9C /* 8BALL.png */ = {isa = PBXFileReference; lastKnownFileType = image.png; path = 8BALL.png; sourceTree = "<group>"; };
		BFD9FC3F15ACD1A4004F3A9C /* TableCellViewController.xib */ = {isa = PBXFileReference; fileEncoding = 4; lastKnownFileType = file.xib; path = TableCellViewController.xib; sourceTree = "<group>"; };
		BFD9FC4215ACD85F004F3A9C /* TableCellViewController.h */ = {isa = PBXFileReference; fileEncoding = 4; lastKnownFileType = sourcecode.c.h; path = TableCellViewController.h; sourceTree = "<group>"; };
		BFD9FC4315ACD85F004F3A9C /* TableCellViewController.m */ = {isa = PBXFileReference; fileEncoding = 4; lastKnownFileType = sourcecode.c.objc; path = TableCellViewController.m; sourceTree = "<group>"; };
		BFD9FC4515ACE7CE004F3A9C /* children.plist */ = {isa = PBXFileReference; fileEncoding = 4; lastKnownFileType = text.plist.xml; path = children.plist; sourceTree = "<group>"; };
		BFD9FC4915AD5A24004F3A9C /* infoViewController.h */ = {isa = PBXFileReference; fileEncoding = 4; lastKnownFileType = sourcecode.c.h; path = infoViewController.h; sourceTree = "<group>"; };
		BFD9FC4A15AD5A24004F3A9C /* infoViewController.m */ = {isa = PBXFileReference; fileEncoding = 4; lastKnownFileType = sourcecode.c.objc; path = infoViewController.m; sourceTree = "<group>"; };
		BFD9FC4B15AD5A24004F3A9C /* infoViewController.xib */ = {isa = PBXFileReference; fileEncoding = 4; lastKnownFileType = file.xib; path = infoViewController.xib; sourceTree = "<group>"; };
/* End PBXFileReference section */

/* Begin PBXFrameworksBuildPhase section */
		BFD9FBF815ACBD88004F3A9C /* Frameworks */ = {
			isa = PBXFrameworksBuildPhase;
			buildActionMask = 2147483647;
			files = (
				BFD9FC0015ACBD88004F3A9C /* UIKit.framework in Frameworks */,
				BFD9FC0215ACBD88004F3A9C /* Foundation.framework in Frameworks */,
				BFD9FC0415ACBD88004F3A9C /* CoreGraphics.framework in Frameworks */,
			);
			runOnlyForDeploymentPostprocessing = 0;
		};
/* End PBXFrameworksBuildPhase section */

/* Begin PBXGroup section */
		BFD9FBF015ACBD88004F3A9C = {
			isa = PBXGroup;
			children = (
				BFD9FC0515ACBD88004F3A9C /* MDF1-wk2 */,
				BFD9FBFE15ACBD88004F3A9C /* Frameworks */,
				BFD9FBFC15ACBD88004F3A9C /* Products */,
			);
			sourceTree = "<group>";
		};
		BFD9FBFC15ACBD88004F3A9C /* Products */ = {
			isa = PBXGroup;
			children = (
				BFD9FBFB15ACBD88004F3A9C /* MDF1-wk2.app */,
			);
			name = Products;
			sourceTree = "<group>";
		};
		BFD9FBFE15ACBD88004F3A9C /* Frameworks */ = {
			isa = PBXGroup;
			children = (
				BFD9FBFF15ACBD88004F3A9C /* UIKit.framework */,
				BFD9FC0115ACBD88004F3A9C /* Foundation.framework */,
				BFD9FC0315ACBD88004F3A9C /* CoreGraphics.framework */,
			);
			name = Frameworks;
			sourceTree = "<group>";
		};
		BFD9FC0515ACBD88004F3A9C /* MDF1-wk2 */ = {
			isa = PBXGroup;
			children = (
				BFD9FC3615ACCB90004F3A9C /* 8BALL.png */,
				BFD9FC0E15ACBD88004F3A9C /* AppDelegate.h */,
				BFD9FC0F15ACBD88004F3A9C /* AppDelegate.m */,
				BFD9FC1115ACBD88004F3A9C /* FirstViewController.h */,
				BFD9FC1215ACBD88004F3A9C /* FirstViewController.m */,
				BFD9FC1F15ACBD88004F3A9C /* FirstViewController.xib */,
				BFD9FC1415ACBD88004F3A9C /* first.png */,
				BFD9FC1615ACBD88004F3A9C /* first@2x.png */,
				BFD9FC1815ACBD88004F3A9C /* SecondViewController.h */,
				BFD9FC1915ACBD88004F3A9C /* SecondViewController.m */,
				BFD9FC2215ACBD88004F3A9C /* SecondViewController.xib */,
				BFD9FC1B15ACBD88004F3A9C /* second.png */,
				BFD9FC1D15ACBD88004F3A9C /* second@2x.png */,
				BFD9FC2A15ACBE3D004F3A9C /* ThirdViewController.h */,
				BFD9FC2B15ACBE3D004F3A9C /* ThirdViewController.m */,
				BFD9FC2C15ACBE3D004F3A9C /* ThirdViewController.xib */,
				BFD9FC3F15ACD1A4004F3A9C /* TableCellViewController.xib */,
				BFD9FC4215ACD85F004F3A9C /* TableCellViewController.h */,
				BFD9FC4315ACD85F004F3A9C /* TableCellViewController.m */,
				BFD9FC4915AD5A24004F3A9C /* infoViewController.h */,
				BFD9FC4A15AD5A24004F3A9C /* infoViewController.m */,
				BFD9FC4B15AD5A24004F3A9C /* infoViewController.xib */,
				BFD9FC4515ACE7CE004F3A9C /* children.plist */,
				BFD9FC0615ACBD88004F3A9C /* Supporting Files */,
			);
			path = "MDF1-wk2";
			sourceTree = "<group>";
		};
		BFD9FC0615ACBD88004F3A9C /* Supporting Files */ = {
			isa = PBXGroup;
			children = (
				BFD9FC0715ACBD88004F3A9C /* MDF1-wk2-Info.plist */,
				BFD9FC0815ACBD88004F3A9C /* InfoPlist.strings */,
				BFD9FC0B15ACBD88004F3A9C /* main.m */,
				BFD9FC0D15ACBD88004F3A9C /* MDF1-wk2-Prefix.pch */,
			);
			name = "Supporting Files";
			sourceTree = "<group>";
		};
/* End PBXGroup section */

/* Begin PBXNativeTarget section */
		BFD9FBFA15ACBD88004F3A9C /* MDF1-wk2 */ = {
			isa = PBXNativeTarget;
			buildConfigurationList = BFD9FC2715ACBD88004F3A9C /* Build configuration list for PBXNativeTarget "MDF1-wk2" */;
			buildPhases = (
				BFD9FBF715ACBD88004F3A9C /* Sources */,
				BFD9FBF815ACBD88004F3A9C /* Frameworks */,
				BFD9FBF915ACBD88004F3A9C /* Resources */,
			);
			buildRules = (
			);
			dependencies = (
			);
			name = "MDF1-wk2";
			productName = "MDF1-wk2";
			productReference = BFD9FBFB15ACBD88004F3A9C /* MDF1-wk2.app */;
			productType = "com.apple.product-type.application";
		};
/* End PBXNativeTarget section */

/* Begin PBXProject section */
		BFD9FBF215ACBD88004F3A9C /* Project object */ = {
			isa = PBXProject;
			attributes = {
				LastUpgradeCheck = 0430;
			};
			buildConfigurationList = BFD9FBF515ACBD88004F3A9C /* Build configuration list for PBXProject "MDF1-wk2" */;
			compatibilityVersion = "Xcode 3.2";
			developmentRegion = English;
			hasScannedForEncodings = 0;
			knownRegions = (
				en,
			);
			mainGroup = BFD9FBF015ACBD88004F3A9C;
			productRefGroup = BFD9FBFC15ACBD88004F3A9C /* Products */;
			projectDirPath = "";
			projectRoot = "";
			targets = (
				BFD9FBFA15ACBD88004F3A9C /* MDF1-wk2 */,
			);
		};
/* End PBXProject section */

/* Begin PBXResourcesBuildPhase section */
		BFD9FBF915ACBD88004F3A9C /* Resources */ = {
			isa = PBXResourcesBuildPhase;
			buildActionMask = 2147483647;
			files = (
				BFD9FC0A15ACBD88004F3A9C /* InfoPlist.strings in Resources */,
				BFD9FC1515ACBD88004F3A9C /* first.png in Resources */,
				BFD9FC1715ACBD88004F3A9C /* first@2x.png in Resources */,
				BFD9FC1C15ACBD88004F3A9C /* second.png in Resources */,
				BFD9FC1E15ACBD88004F3A9C /* second@2x.png in Resources */,
				BFD9FC2115ACBD88004F3A9C /* FirstViewController.xib in Resources */,
				BFD9FC2415ACBD88004F3A9C /* SecondViewController.xib in Resources */,
				BFD9FC2E15ACBE3D004F3A9C /* ThirdViewController.xib in Resources */,
				BFD9FC3715ACCB90004F3A9C /* 8BALL.png in Resources */,
				BFD9FC4115ACD1A5004F3A9C /* TableCellViewController.xib in Resources */,
				BFD9FC4615ACE7CE004F3A9C /* children.plist in Resources */,
				BFD9FC4D15AD5A24004F3A9C /* infoViewController.xib in Resources */,
			);
			runOnlyForDeploymentPostprocessing = 0;
		};
/* End PBXResourcesBuildPhase section */

/* Begin PBXSourcesBuildPhase section */
		BFD9FBF715ACBD88004F3A9C /* Sources */ = {
			isa = PBXSourcesBuildPhase;
			buildActionMask = 2147483647;
			files = (
				BFD9FC0C15ACBD88004F3A9C /* main.m in Sources */,
				BFD9FC1015ACBD88004F3A9C /* AppDelegate.m in Sources */,
				BFD9FC1315ACBD88004F3A9C /* FirstViewController.m in Sources */,
				BFD9FC1A15ACBD88004F3A9C /* SecondViewController.m in Sources */,
				BFD9FC2D15ACBE3D004F3A9C /* ThirdViewController.m in Sources */,
				BFD9FC4415ACD85F004F3A9C /* TableCellViewController.m in Sources */,
				BFD9FC4C15AD5A24004F3A9C /* infoViewController.m in Sources */,
			);
			runOnlyForDeploymentPostprocessing = 0;
		};
/* End PBXSourcesBuildPhase section */

/* Begin PBXVariantGroup section */
		BFD9FC0815ACBD88004F3A9C /* InfoPlist.strings */ = {
			isa = PBXVariantGroup;
			children = (
				BFD9FC0915ACBD88004F3A9C /* en */,
			);
			name = InfoPlist.strings;
			sourceTree = "<group>";
		};
		BFD9FC1F15ACBD88004F3A9C /* FirstViewController.xib */ = {
			isa = PBXVariantGroup;
			children = (
				BFD9FC2015ACBD88004F3A9C /* en */,
			);
			name = FirstViewController.xib;
			sourceTree = "<group>";
		};
		BFD9FC2215ACBD88004F3A9C /* SecondViewController.xib */ = {
			isa = PBXVariantGroup;
			children = (
				BFD9FC2315ACBD88004F3A9C /* en */,
			);
			name = SecondViewController.xib;
			sourceTree = "<group>";
		};
/* End PBXVariantGroup section */

/* Begin XCBuildConfiguration section */
		BFD9FC2515ACBD88004F3A9C /* Debug */ = {
			isa = XCBuildConfiguration;
			buildSettings = {
				ALWAYS_SEARCH_USER_PATHS = NO;
				ARCHS = "$(ARCHS_STANDARD_32_BIT)";
				CLANG_ENABLE_OBJC_ARC = YES;
				"CODE_SIGN_IDENTITY[sdk=iphoneos*]" = "iPhone Developer";
				COPY_PHASE_STRIP = NO;
				GCC_C_LANGUAGE_STANDARD = gnu99;
				GCC_DYNAMIC_NO_PIC = NO;
				GCC_OPTIMIZATION_LEVEL = 0;
				GCC_PREPROCESSOR_DEFINITIONS = (
					"DEBUG=1",
					"$(inherited)",
				);
				GCC_SYMBOLS_PRIVATE_EXTERN = NO;
				GCC_VERSION = com.apple.compilers.llvm.clang.1_0;
				GCC_WARN_ABOUT_RETURN_TYPE = YES;
				GCC_WARN_UNINITIALIZED_AUTOS = YES;
				GCC_WARN_UNUSED_VARIABLE = YES;
				IPHONEOS_DEPLOYMENT_TARGET = 5.1;
				SDKROOT = iphoneos;
			};
			name = Debug;
		};
		BFD9FC2615ACBD88004F3A9C /* Release */ = {
			isa = XCBuildConfiguration;
			buildSettings = {
				ALWAYS_SEARCH_USER_PATHS = NO;
				ARCHS = "$(ARCHS_STANDARD_32_BIT)";
				CLANG_ENABLE_OBJC_ARC = YES;
				"CODE_SIGN_IDENTITY[sdk=iphoneos*]" = "iPhone Developer";
				COPY_PHASE_STRIP = YES;
				GCC_C_LANGUAGE_STANDARD = gnu99;
				GCC_VERSION = com.apple.compilers.llvm.clang.1_0;
				GCC_WARN_ABOUT_RETURN_TYPE = YES;
				GCC_WARN_UNINITIALIZED_AUTOS = YES;
				GCC_WARN_UNUSED_VARIABLE = YES;
				IPHONEOS_DEPLOYMENT_TARGET = 5.1;
				OTHER_CFLAGS = "-DNS_BLOCK_ASSERTIONS=1";
				SDKROOT = iphoneos;
				VALIDATE_PRODUCT = YES;
			};
			name = Release;
		};
		BFD9FC2815ACBD88004F3A9C /* Debug */ = {
			isa = XCBuildConfiguration;
			buildSettings = {
				GCC_PRECOMPILE_PREFIX_HEADER = YES;
				GCC_PREFIX_HEADER = "MDF1-wk2/MDF1-wk2-Prefix.pch";
				INFOPLIST_FILE = "MDF1-wk2/MDF1-wk2-Info.plist";
				PRODUCT_NAME = "$(TARGET_NAME)";
				WRAPPER_EXTENSION = app;
			};
			name = Debug;
		};
		BFD9FC2915ACBD88004F3A9C /* Release */ = {
			isa = XCBuildConfiguration;
			buildSettings = {
				GCC_PRECOMPILE_PREFIX_HEADER = YES;
				GCC_PREFIX_HEADER = "MDF1-wk2/MDF1-wk2-Prefix.pch";
				INFOPLIST_FILE = "MDF1-wk2/MDF1-wk2-Info.plist";
				PRODUCT_NAME = "$(TARGET_NAME)";
				WRAPPER_EXTENSION = app;
			};
			name = Release;
		};
/* End XCBuildConfiguration section */

/* Begin XCConfigurationList section */
		BFD9FBF515ACBD88004F3A9C /* Build configuration list for PBXProject "MDF1-wk2" */ = {
			isa = XCConfigurationList;
			buildConfigurations = (
				BFD9FC2515ACBD88004F3A9C /* Debug */,
				BFD9FC2615ACBD88004F3A9C /* Release */,
			);
			defaultConfigurationIsVisible = 0;
			defaultConfigurationName = Release;
		};
		BFD9FC2715ACBD88004F3A9C /* Build configuration list for PBXNativeTarget "MDF1-wk2" */ = {
			isa = XCConfigurationList;
			buildConfigurations = (
				BFD9FC2815ACBD88004F3A9C /* Debug */,
				BFD9FC2915ACBD88004F3A9C /* Release */,
			);
			defaultConfigurationIsVisible = 0;
		};
/* End XCConfigurationList section */
	};
	rootObject = BFD9FBF215ACBD88004F3A9C /* Project object */;
}
