// !$*UTF8*$!
{
	archiveVersion = 1;
	classes = {
	};
	objectVersion = 46;
	objects = {

/* Begin PBXBuildFile section */
		BFDF886D159A8DAD008EFBE4 /* UIKit.framework in Frameworks */ = {isa = PBXBuildFile; fileRef = BFDF886C159A8DAD008EFBE4 /* UIKit.framework */; };
		BFDF886F159A8DAD008EFBE4 /* Foundation.framework in Frameworks */ = {isa = PBXBuildFile; fileRef = BFDF886E159A8DAD008EFBE4 /* Foundation.framework */; };
		BFDF8871159A8DAD008EFBE4 /* CoreGraphics.framework in Frameworks */ = {isa = PBXBuildFile; fileRef = BFDF8870159A8DAD008EFBE4 /* CoreGraphics.framework */; };
		BFDF8877159A8DAD008EFBE4 /* InfoPlist.strings in Resources */ = {isa = PBXBuildFile; fileRef = BFDF8875159A8DAD008EFBE4 /* InfoPlist.strings */; };
		BFDF8879159A8DAD008EFBE4 /* main.m in Sources */ = {isa = PBXBuildFile; fileRef = BFDF8878159A8DAD008EFBE4 /* main.m */; };
		BFDF887D159A8DAD008EFBE4 /* AppDelegate.m in Sources */ = {isa = PBXBuildFile; fileRef = BFDF887C159A8DAD008EFBE4 /* AppDelegate.m */; };
		BFDF8880159A8DAD008EFBE4 /* ViewController.m in Sources */ = {isa = PBXBuildFile; fileRef = BFDF887F159A8DAD008EFBE4 /* ViewController.m */; };
		BFDF8883159A8DAD008EFBE4 /* ViewController.xib in Resources */ = {isa = PBXBuildFile; fileRef = BFDF8881159A8DAD008EFBE4 /* ViewController.xib */; };
		BFDF888A159A8E53008EFBE4 /* stackableView.xib in Resources */ = {isa = PBXBuildFile; fileRef = BFDF8889159A8E53008EFBE4 /* stackableView.xib */; };
		BFDF888D159A8F19008EFBE4 /* stackableCell.m in Sources */ = {isa = PBXBuildFile; fileRef = BFDF888C159A8F19008EFBE4 /* stackableCell.m */; };
		BFDF8897159BA9EA008EFBE4 /* 8BALL.png in Resources */ = {isa = PBXBuildFile; fileRef = BFDF8896159BA9EA008EFBE4 /* 8BALL.png */; };
		BFDF889F159CF3B2008EFBE4 /* Cell-BG.png in Resources */ = {isa = PBXBuildFile; fileRef = BFDF889E159CF3B2008EFBE4 /* Cell-BG.png */; };
		BFDF88A1159CF83B008EFBE4 /* A.jpg in Resources */ = {isa = PBXBuildFile; fileRef = BFDF88A0159CF83B008EFBE4 /* A.jpg */; };
		BFDF88C2159D020E008EFBE4 /* U.jpg in Resources */ = {isa = PBXBuildFile; fileRef = BFDF88AA159D020C008EFBE4 /* U.jpg */; };
		BFDF88C3159D020E008EFBE4 /* T.jpg in Resources */ = {isa = PBXBuildFile; fileRef = BFDF88AB159D020D008EFBE4 /* T.jpg */; };
		BFDF88C4159D020E008EFBE4 /* V.jpg in Resources */ = {isa = PBXBuildFile; fileRef = BFDF88AC159D020D008EFBE4 /* V.jpg */; };
		BFDF88C5159D020E008EFBE4 /* W.jpg in Resources */ = {isa = PBXBuildFile; fileRef = BFDF88AD159D020D008EFBE4 /* W.jpg */; };
		BFDF88C6159D020E008EFBE4 /* L.jpg in Resources */ = {isa = PBXBuildFile; fileRef = BFDF88AE159D020D008EFBE4 /* L.jpg */; };
		BFDF88C7159D020E008EFBE4 /* M.jpg in Resources */ = {isa = PBXBuildFile; fileRef = BFDF88AF159D020D008EFBE4 /* M.jpg */; };
		BFDF88C8159D020E008EFBE4 /* N.jpg in Resources */ = {isa = PBXBuildFile; fileRef = BFDF88B0159D020D008EFBE4 /* N.jpg */; };
		BFDF88C9159D020E008EFBE4 /* O.jpg in Resources */ = {isa = PBXBuildFile; fileRef = BFDF88B1159D020D008EFBE4 /* O.jpg */; };
		BFDF88CA159D020E008EFBE4 /* P.jpg in Resources */ = {isa = PBXBuildFile; fileRef = BFDF88B2159D020D008EFBE4 /* P.jpg */; };
		BFDF88CB159D020E008EFBE4 /* X.jpg in Resources */ = {isa = PBXBuildFile; fileRef = BFDF88B3159D020D008EFBE4 /* X.jpg */; };
		BFDF88CC159D020E008EFBE4 /* Q.jpg in Resources */ = {isa = PBXBuildFile; fileRef = BFDF88B4159D020D008EFBE4 /* Q.jpg */; };
		BFDF88CD159D020E008EFBE4 /* Y.jpg in Resources */ = {isa = PBXBuildFile; fileRef = BFDF88B5159D020D008EFBE4 /* Y.jpg */; };
		BFDF88CF159D020E008EFBE4 /* D.jpg in Resources */ = {isa = PBXBuildFile; fileRef = BFDF88B7159D020D008EFBE4 /* D.jpg */; };
		BFDF88D0159D020E008EFBE4 /* E.jpg in Resources */ = {isa = PBXBuildFile; fileRef = BFDF88B8159D020D008EFBE4 /* E.jpg */; };
		BFDF88D1159D020E008EFBE4 /* F.jpg in Resources */ = {isa = PBXBuildFile; fileRef = BFDF88B9159D020D008EFBE4 /* F.jpg */; };
		BFDF88D2159D020E008EFBE4 /* G.jpg in Resources */ = {isa = PBXBuildFile; fileRef = BFDF88BA159D020D008EFBE4 /* G.jpg */; };
		BFDF88D3159D020E008EFBE4 /* H.jpg in Resources */ = {isa = PBXBuildFile; fileRef = BFDF88BB159D020D008EFBE4 /* H.jpg */; };
		BFDF88D4159D020E008EFBE4 /* I.jpg in Resources */ = {isa = PBXBuildFile; fileRef = BFDF88BC159D020D008EFBE4 /* I.jpg */; };
		BFDF88D5159D020E008EFBE4 /* R.jpg in Resources */ = {isa = PBXBuildFile; fileRef = BFDF88BD159D020D008EFBE4 /* R.jpg */; };
		BFDF88D6159D020E008EFBE4 /* Z.jpg in Resources */ = {isa = PBXBuildFile; fileRef = BFDF88BE159D020D008EFBE4 /* Z.jpg */; };
		BFDF88D7159D020E008EFBE4 /* J.jpg in Resources */ = {isa = PBXBuildFile; fileRef = BFDF88BF159D020E008EFBE4 /* J.jpg */; };
		BFDF88D8159D020E008EFBE4 /* K.jpg in Resources */ = {isa = PBXBuildFile; fileRef = BFDF88C0159D020E008EFBE4 /* K.jpg */; };
		BFDF88D9159D020E008EFBE4 /* S.jpg in Resources */ = {isa = PBXBuildFile; fileRef = BFDF88C1159D020E008EFBE4 /* S.jpg */; };
		BFDF88DB159D0214008EFBE4 /* C.jpg in Resources */ = {isa = PBXBuildFile; fileRef = BFDF88DA159D0214008EFBE4 /* C.jpg */; };
		BFDF88E1159D1CD1008EFBE4 /* soupBG2.jpg in Resources */ = {isa = PBXBuildFile; fileRef = BFDF88E0159D1CD1008EFBE4 /* soupBG2.jpg */; };
		BFDF88E4159D213F008EFBE4 /* B.jpg in Resources */ = {isa = PBXBuildFile; fileRef = BFDF88E3159D213F008EFBE4 /* B.jpg */; };
		BFDF88EA159D2382008EFBE4 /* icon.png in Resources */ = {isa = PBXBuildFile; fileRef = BFDF88E9159D2382008EFBE4 /* icon.png */; };
		BFDF88EC159D238D008EFBE4 /* icon@2x.png in Resources */ = {isa = PBXBuildFile; fileRef = BFDF88EB159D238D008EFBE4 /* icon@2x.png */; };
		BFDF88EE159D2CE2008EFBE4 /* Default@2x.png in Resources */ = {isa = PBXBuildFile; fileRef = BFDF88ED159D2CE2008EFBE4 /* Default@2x.png */; };
		BFDF88F0159D2CE7008EFBE4 /* Default.png in Resources */ = {isa = PBXBuildFile; fileRef = BFDF88EF159D2CE7008EFBE4 /* Default.png */; };
/* End PBXBuildFile section */

/* Begin PBXFileReference section */
		BFDF8868159A8DAD008EFBE4 /* MDF1-proj1.app */ = {isa = PBXFileReference; explicitFileType = wrapper.application; includeInIndex = 0; path = "MDF1-proj1.app"; sourceTree = BUILT_PRODUCTS_DIR; };
		BFDF886C159A8DAD008EFBE4 /* UIKit.framework */ = {isa = PBXFileReference; lastKnownFileType = wrapper.framework; name = UIKit.framework; path = System/Library/Frameworks/UIKit.framework; sourceTree = SDKROOT; };
		BFDF886E159A8DAD008EFBE4 /* Foundation.framework */ = {isa = PBXFileReference; lastKnownFileType = wrapper.framework; name = Foundation.framework; path = System/Library/Frameworks/Foundation.framework; sourceTree = SDKROOT; };
		BFDF8870159A8DAD008EFBE4 /* CoreGraphics.framework */ = {isa = PBXFileReference; lastKnownFileType = wrapper.framework; name = CoreGraphics.framework; path = System/Library/Frameworks/CoreGraphics.framework; sourceTree = SDKROOT; };
		BFDF8874159A8DAD008EFBE4 /* MDF1-proj1-Info.plist */ = {isa = PBXFileReference; lastKnownFileType = text.plist.xml; path = "MDF1-proj1-Info.plist"; sourceTree = "<group>"; };
		BFDF8876159A8DAD008EFBE4 /* en */ = {isa = PBXFileReference; lastKnownFileType = text.plist.strings; name = en; path = en.lproj/InfoPlist.strings; sourceTree = "<group>"; };
		BFDF8878159A8DAD008EFBE4 /* main.m */ = {isa = PBXFileReference; lastKnownFileType = sourcecode.c.objc; path = main.m; sourceTree = "<group>"; };
		BFDF887A159A8DAD008EFBE4 /* MDF1-proj1-Prefix.pch */ = {isa = PBXFileReference; lastKnownFileType = sourcecode.c.h; path = "MDF1-proj1-Prefix.pch"; sourceTree = "<group>"; };
		BFDF887B159A8DAD008EFBE4 /* AppDelegate.h */ = {isa = PBXFileReference; lastKnownFileType = sourcecode.c.h; path = AppDelegate.h; sourceTree = "<group>"; };
		BFDF887C159A8DAD008EFBE4 /* AppDelegate.m */ = {isa = PBXFileReference; lastKnownFileType = sourcecode.c.objc; path = AppDelegate.m; sourceTree = "<group>"; };
		BFDF887E159A8DAD008EFBE4 /* ViewController.h */ = {isa = PBXFileReference; lastKnownFileType = sourcecode.c.h; path = ViewController.h; sourceTree = "<group>"; };
		BFDF887F159A8DAD008EFBE4 /* ViewController.m */ = {isa = PBXFileReference; lastKnownFileType = sourcecode.c.objc; path = ViewController.m; sourceTree = "<group>"; };
		BFDF8882159A8DAD008EFBE4 /* en */ = {isa = PBXFileReference; lastKnownFileType = file.xib; name = en; path = en.lproj/ViewController.xib; sourceTree = "<group>"; };
		BFDF8889159A8E53008EFBE4 /* stackableView.xib */ = {isa = PBXFileReference; fileEncoding = 4; lastKnownFileType = file.xib; path = stackableView.xib; sourceTree = "<group>"; };
		BFDF888B159A8F19008EFBE4 /* stackableCell.h */ = {isa = PBXFileReference; fileEncoding = 4; lastKnownFileType = sourcecode.c.h; path = stackableCell.h; sourceTree = "<group>"; };
		BFDF888C159A8F19008EFBE4 /* stackableCell.m */ = {isa = PBXFileReference; fileEncoding = 4; lastKnownFileType = sourcecode.c.objc; path = stackableCell.m; sourceTree = "<group>"; };
		BFDF8896159BA9EA008EFBE4 /* 8BALL.png */ = {isa = PBXFileReference; lastKnownFileType = image.png; path = 8BALL.png; sourceTree = "<group>"; };
		BFDF889E159CF3B2008EFBE4 /* Cell-BG.png */ = {isa = PBXFileReference; lastKnownFileType = image.png; path = "Cell-BG.png"; sourceTree = "<group>"; };
		BFDF88A0159CF83B008EFBE4 /* A.jpg */ = {isa = PBXFileReference; lastKnownFileType = image.jpeg; path = A.jpg; sourceTree = "<group>"; };
		BFDF88AA159D020C008EFBE4 /* U.jpg */ = {isa = PBXFileReference; lastKnownFileType = image.jpeg; path = U.jpg; sourceTree = "<group>"; };
		BFDF88AB159D020D008EFBE4 /* T.jpg */ = {isa = PBXFileReference; lastKnownFileType = image.jpeg; path = T.jpg; sourceTree = "<group>"; };
		BFDF88AC159D020D008EFBE4 /* V.jpg */ = {isa = PBXFileReference; lastKnownFileType = image.jpeg; path = V.jpg; sourceTree = "<group>"; };
		BFDF88AD159D020D008EFBE4 /* W.jpg */ = {isa = PBXFileReference; lastKnownFileType = image.jpeg; path = W.jpg; sourceTree = "<group>"; };
		BFDF88AE159D020D008EFBE4 /* L.jpg */ = {isa = PBXFileReference; lastKnownFileType = image.jpeg; path = L.jpg; sourceTree = "<group>"; };
		BFDF88AF159D020D008EFBE4 /* M.jpg */ = {isa = PBXFileReference; lastKnownFileType = image.jpeg; path = M.jpg; sourceTree = "<group>"; };
		BFDF88B0159D020D008EFBE4 /* N.jpg */ = {isa = PBXFileReference; lastKnownFileType = image.jpeg; path = N.jpg; sourceTree = "<group>"; };
		BFDF88B1159D020D008EFBE4 /* O.jpg */ = {isa = PBXFileReference; lastKnownFileType = image.jpeg; path = O.jpg; sourceTree = "<group>"; };
		BFDF88B2159D020D008EFBE4 /* P.jpg */ = {isa = PBXFileReference; lastKnownFileType = image.jpeg; path = P.jpg; sourceTree = "<group>"; };
		BFDF88B3159D020D008EFBE4 /* X.jpg */ = {isa = PBXFileReference; lastKnownFileType = image.jpeg; path = X.jpg; sourceTree = "<group>"; };
		BFDF88B4159D020D008EFBE4 /* Q.jpg */ = {isa = PBXFileReference; lastKnownFileType = image.jpeg; path = Q.jpg; sourceTree = "<group>"; };
		BFDF88B5159D020D008EFBE4 /* Y.jpg */ = {isa = PBXFileReference; lastKnownFileType = image.jpeg; path = Y.jpg; sourceTree = "<group>"; };
		BFDF88B7159D020D008EFBE4 /* D.jpg */ = {isa = PBXFileReference; lastKnownFileType = image.jpeg; path = D.jpg; sourceTree = "<group>"; };
		BFDF88B8159D020D008EFBE4 /* E.jpg */ = {isa = PBXFileReference; lastKnownFileType = image.jpeg; path = E.jpg; sourceTree = "<group>"; };
		BFDF88B9159D020D008EFBE4 /* F.jpg */ = {isa = PBXFileReference; lastKnownFileType = image.jpeg; path = F.jpg; sourceTree = "<group>"; };
		BFDF88BA159D020D008EFBE4 /* G.jpg */ = {isa = PBXFileReference; lastKnownFileType = image.jpeg; path = G.jpg; sourceTree = "<group>"; };
		BFDF88BB159D020D008EFBE4 /* H.jpg */ = {isa = PBXFileReference; lastKnownFileType = image.jpeg; path = H.jpg; sourceTree = "<group>"; };
		BFDF88BC159D020D008EFBE4 /* I.jpg */ = {isa = PBXFileReference; lastKnownFileType = image.jpeg; path = I.jpg; sourceTree = "<group>"; };
		BFDF88BD159D020D008EFBE4 /* R.jpg */ = {isa = PBXFileReference; lastKnownFileType = image.jpeg; path = R.jpg; sourceTree = "<group>"; };
		BFDF88BE159D020D008EFBE4 /* Z.jpg */ = {isa = PBXFileReference; lastKnownFileType = image.jpeg; path = Z.jpg; sourceTree = "<group>"; };
		BFDF88BF159D020E008EFBE4 /* J.jpg */ = {isa = PBXFileReference; lastKnownFileType = image.jpeg; path = J.jpg; sourceTree = "<group>"; };
		BFDF88C0159D020E008EFBE4 /* K.jpg */ = {isa = PBXFileReference; lastKnownFileType = image.jpeg; path = K.jpg; sourceTree = "<group>"; };
		BFDF88C1159D020E008EFBE4 /* S.jpg */ = {isa = PBXFileReference; lastKnownFileType = image.jpeg; path = S.jpg; sourceTree = "<group>"; };
		BFDF88DA159D0214008EFBE4 /* C.jpg */ = {isa = PBXFileReference; lastKnownFileType = image.jpeg; path = C.jpg; sourceTree = "<group>"; };
		BFDF88E0159D1CD1008EFBE4 /* soupBG2.jpg */ = {isa = PBXFileReference; lastKnownFileType = image.jpeg; path = soupBG2.jpg; sourceTree = "<group>"; };
		BFDF88E3159D213F008EFBE4 /* B.jpg */ = {isa = PBXFileReference; lastKnownFileType = image.jpeg; path = B.jpg; sourceTree = "<group>"; };
		BFDF88E9159D2382008EFBE4 /* icon.png */ = {isa = PBXFileReference; lastKnownFileType = image.png; path = icon.png; sourceTree = "<group>"; };
		BFDF88EB159D238D008EFBE4 /* icon@2x.png */ = {isa = PBXFileReference; lastKnownFileType = image.png; path = "icon@2x.png"; sourceTree = "<group>"; };
		BFDF88ED159D2CE2008EFBE4 /* Default@2x.png */ = {isa = PBXFileReference; lastKnownFileType = image.png; path = "Default@2x.png"; sourceTree = "<group>"; };
		BFDF88EF159D2CE7008EFBE4 /* Default.png */ = {isa = PBXFileReference; lastKnownFileType = image.png; path = Default.png; sourceTree = "<group>"; };
/* End PBXFileReference section */

/* Begin PBXFrameworksBuildPhase section */
		BFDF8865159A8DAD008EFBE4 /* Frameworks */ = {
			isa = PBXFrameworksBuildPhase;
			buildActionMask = 2147483647;
			files = (
				BFDF886D159A8DAD008EFBE4 /* UIKit.framework in Frameworks */,
				BFDF886F159A8DAD008EFBE4 /* Foundation.framework in Frameworks */,
				BFDF8871159A8DAD008EFBE4 /* CoreGraphics.framework in Frameworks */,
			);
			runOnlyForDeploymentPostprocessing = 0;
		};
/* End PBXFrameworksBuildPhase section */

/* Begin PBXGroup section */
		BFDF885D159A8DAD008EFBE4 = {
			isa = PBXGroup;
			children = (
				BFDF88EF159D2CE7008EFBE4 /* Default.png */,
				BFDF88ED159D2CE2008EFBE4 /* Default@2x.png */,
				BFDF88EB159D238D008EFBE4 /* icon@2x.png */,
				BFDF88E9159D2382008EFBE4 /* icon.png */,
				BFDF8872159A8DAD008EFBE4 /* MDF1-proj1 */,
				BFDF886B159A8DAD008EFBE4 /* Frameworks */,
				BFDF8869159A8DAD008EFBE4 /* Products */,
			);
			sourceTree = "<group>";
		};
		BFDF8869159A8DAD008EFBE4 /* Products */ = {
			isa = PBXGroup;
			children = (
				BFDF8868159A8DAD008EFBE4 /* MDF1-proj1.app */,
			);
			name = Products;
			sourceTree = "<group>";
		};
		BFDF886B159A8DAD008EFBE4 /* Frameworks */ = {
			isa = PBXGroup;
			children = (
				BFDF886C159A8DAD008EFBE4 /* UIKit.framework */,
				BFDF886E159A8DAD008EFBE4 /* Foundation.framework */,
				BFDF8870159A8DAD008EFBE4 /* CoreGraphics.framework */,
			);
			name = Frameworks;
			sourceTree = "<group>";
		};
		BFDF8872159A8DAD008EFBE4 /* MDF1-proj1 */ = {
			isa = PBXGroup;
			children = (
				BFDF887B159A8DAD008EFBE4 /* AppDelegate.h */,
				BFDF887C159A8DAD008EFBE4 /* AppDelegate.m */,
				BFDF887E159A8DAD008EFBE4 /* ViewController.h */,
				BFDF887F159A8DAD008EFBE4 /* ViewController.m */,
				BFDF8881159A8DAD008EFBE4 /* ViewController.xib */,
				BFDF8896159BA9EA008EFBE4 /* 8BALL.png */,
				BFDF8873159A8DAD008EFBE4 /* Supporting Files */,
				BFDF8889159A8E53008EFBE4 /* stackableView.xib */,
				BFDF888B159A8F19008EFBE4 /* stackableCell.h */,
				BFDF888C159A8F19008EFBE4 /* stackableCell.m */,
			);
			path = "MDF1-proj1";
			sourceTree = "<group>";
		};
		BFDF8873159A8DAD008EFBE4 /* Supporting Files */ = {
			isa = PBXGroup;
			children = (
				BFDF88E3159D213F008EFBE4 /* B.jpg */,
				BFDF88AA159D020C008EFBE4 /* U.jpg */,
				BFDF88DA159D0214008EFBE4 /* C.jpg */,
				BFDF88E0159D1CD1008EFBE4 /* soupBG2.jpg */,
				BFDF88AB159D020D008EFBE4 /* T.jpg */,
				BFDF88AC159D020D008EFBE4 /* V.jpg */,
				BFDF88AD159D020D008EFBE4 /* W.jpg */,
				BFDF88AE159D020D008EFBE4 /* L.jpg */,
				BFDF88AF159D020D008EFBE4 /* M.jpg */,
				BFDF88B0159D020D008EFBE4 /* N.jpg */,
				BFDF88B1159D020D008EFBE4 /* O.jpg */,
				BFDF88B2159D020D008EFBE4 /* P.jpg */,
				BFDF88B3159D020D008EFBE4 /* X.jpg */,
				BFDF88B4159D020D008EFBE4 /* Q.jpg */,
				BFDF88B5159D020D008EFBE4 /* Y.jpg */,
				BFDF88B7159D020D008EFBE4 /* D.jpg */,
				BFDF88B8159D020D008EFBE4 /* E.jpg */,
				BFDF88B9159D020D008EFBE4 /* F.jpg */,
				BFDF88BA159D020D008EFBE4 /* G.jpg */,
				BFDF88BB159D020D008EFBE4 /* H.jpg */,
				BFDF88BC159D020D008EFBE4 /* I.jpg */,
				BFDF88BD159D020D008EFBE4 /* R.jpg */,
				BFDF88BE159D020D008EFBE4 /* Z.jpg */,
				BFDF88BF159D020E008EFBE4 /* J.jpg */,
				BFDF88C0159D020E008EFBE4 /* K.jpg */,
				BFDF88C1159D020E008EFBE4 /* S.jpg */,
				BFDF88A0159CF83B008EFBE4 /* A.jpg */,
				BFDF889E159CF3B2008EFBE4 /* Cell-BG.png */,
				BFDF8874159A8DAD008EFBE4 /* MDF1-proj1-Info.plist */,
				BFDF8875159A8DAD008EFBE4 /* InfoPlist.strings */,
				BFDF8878159A8DAD008EFBE4 /* main.m */,
				BFDF887A159A8DAD008EFBE4 /* MDF1-proj1-Prefix.pch */,
			);
			name = "Supporting Files";
			sourceTree = "<group>";
		};
/* End PBXGroup section */

/* Begin PBXNativeTarget section */
		BFDF8867159A8DAD008EFBE4 /* MDF1-proj1 */ = {
			isa = PBXNativeTarget;
			buildConfigurationList = BFDF8886159A8DAD008EFBE4 /* Build configuration list for PBXNativeTarget "MDF1-proj1" */;
			buildPhases = (
				BFDF8864159A8DAD008EFBE4 /* Sources */,
				BFDF8865159A8DAD008EFBE4 /* Frameworks */,
				BFDF8866159A8DAD008EFBE4 /* Resources */,
			);
			buildRules = (
			);
			dependencies = (
			);
			name = "MDF1-proj1";
			productName = "MDF1-proj1";
			productReference = BFDF8868159A8DAD008EFBE4 /* MDF1-proj1.app */;
			productType = "com.apple.product-type.application";
		};
/* End PBXNativeTarget section */

/* Begin PBXProject section */
		BFDF885F159A8DAD008EFBE4 /* Project object */ = {
			isa = PBXProject;
			attributes = {
				LastUpgradeCheck = 0430;
			};
			buildConfigurationList = BFDF8862159A8DAD008EFBE4 /* Build configuration list for PBXProject "MDF1-proj1" */;
			compatibilityVersion = "Xcode 3.2";
			developmentRegion = English;
			hasScannedForEncodings = 0;
			knownRegions = (
				en,
			);
			mainGroup = BFDF885D159A8DAD008EFBE4;
			productRefGroup = BFDF8869159A8DAD008EFBE4 /* Products */;
			projectDirPath = "";
			projectRoot = "";
			targets = (
				BFDF8867159A8DAD008EFBE4 /* MDF1-proj1 */,
			);
		};
/* End PBXProject section */

/* Begin PBXResourcesBuildPhase section */
		BFDF8866159A8DAD008EFBE4 /* Resources */ = {
			isa = PBXResourcesBuildPhase;
			buildActionMask = 2147483647;
			files = (
				BFDF8877159A8DAD008EFBE4 /* InfoPlist.strings in Resources */,
				BFDF8883159A8DAD008EFBE4 /* ViewController.xib in Resources */,
				BFDF888A159A8E53008EFBE4 /* stackableView.xib in Resources */,
				BFDF8897159BA9EA008EFBE4 /* 8BALL.png in Resources */,
				BFDF889F159CF3B2008EFBE4 /* Cell-BG.png in Resources */,
				BFDF88A1159CF83B008EFBE4 /* A.jpg in Resources */,
				BFDF88C2159D020E008EFBE4 /* U.jpg in Resources */,
				BFDF88C3159D020E008EFBE4 /* T.jpg in Resources */,
				BFDF88C4159D020E008EFBE4 /* V.jpg in Resources */,
				BFDF88C5159D020E008EFBE4 /* W.jpg in Resources */,
				BFDF88C6159D020E008EFBE4 /* L.jpg in Resources */,
				BFDF88C7159D020E008EFBE4 /* M.jpg in Resources */,
				BFDF88C8159D020E008EFBE4 /* N.jpg in Resources */,
				BFDF88C9159D020E008EFBE4 /* O.jpg in Resources */,
				BFDF88CA159D020E008EFBE4 /* P.jpg in Resources */,
				BFDF88CB159D020E008EFBE4 /* X.jpg in Resources */,
				BFDF88CC159D020E008EFBE4 /* Q.jpg in Resources */,
				BFDF88CD159D020E008EFBE4 /* Y.jpg in Resources */,
				BFDF88CF159D020E008EFBE4 /* D.jpg in Resources */,
				BFDF88D0159D020E008EFBE4 /* E.jpg in Resources */,
				BFDF88D1159D020E008EFBE4 /* F.jpg in Resources */,
				BFDF88D2159D020E008EFBE4 /* G.jpg in Resources */,
				BFDF88D3159D020E008EFBE4 /* H.jpg in Resources */,
				BFDF88D4159D020E008EFBE4 /* I.jpg in Resources */,
				BFDF88D5159D020E008EFBE4 /* R.jpg in Resources */,
				BFDF88D6159D020E008EFBE4 /* Z.jpg in Resources */,
				BFDF88D7159D020E008EFBE4 /* J.jpg in Resources */,
				BFDF88D8159D020E008EFBE4 /* K.jpg in Resources */,
				BFDF88D9159D020E008EFBE4 /* S.jpg in Resources */,
				BFDF88DB159D0214008EFBE4 /* C.jpg in Resources */,
				BFDF88E1159D1CD1008EFBE4 /* soupBG2.jpg in Resources */,
				BFDF88E4159D213F008EFBE4 /* B.jpg in Resources */,
				BFDF88EA159D2382008EFBE4 /* icon.png in Resources */,
				BFDF88EC159D238D008EFBE4 /* icon@2x.png in Resources */,
				BFDF88EE159D2CE2008EFBE4 /* Default@2x.png in Resources */,
				BFDF88F0159D2CE7008EFBE4 /* Default.png in Resources */,
			);
			runOnlyForDeploymentPostprocessing = 0;
		};
/* End PBXResourcesBuildPhase section */

/* Begin PBXSourcesBuildPhase section */
		BFDF8864159A8DAD008EFBE4 /* Sources */ = {
			isa = PBXSourcesBuildPhase;
			buildActionMask = 2147483647;
			files = (
				BFDF8879159A8DAD008EFBE4 /* main.m in Sources */,
				BFDF887D159A8DAD008EFBE4 /* AppDelegate.m in Sources */,
				BFDF8880159A8DAD008EFBE4 /* ViewController.m in Sources */,
				BFDF888D159A8F19008EFBE4 /* stackableCell.m in Sources */,
			);
			runOnlyForDeploymentPostprocessing = 0;
		};
/* End PBXSourcesBuildPhase section */

/* Begin PBXVariantGroup section */
		BFDF8875159A8DAD008EFBE4 /* InfoPlist.strings */ = {
			isa = PBXVariantGroup;
			children = (
				BFDF8876159A8DAD008EFBE4 /* en */,
			);
			name = InfoPlist.strings;
			sourceTree = "<group>";
		};
		BFDF8881159A8DAD008EFBE4 /* ViewController.xib */ = {
			isa = PBXVariantGroup;
			children = (
				BFDF8882159A8DAD008EFBE4 /* en */,
			);
			name = ViewController.xib;
			sourceTree = "<group>";
		};
/* End PBXVariantGroup section */

/* Begin XCBuildConfiguration section */
		BFDF8884159A8DAD008EFBE4 /* Debug */ = {
			isa = XCBuildConfiguration;
			buildSettings = {
				ALWAYS_SEARCH_USER_PATHS = NO;
				ARCHS = "$(ARCHS_STANDARD_32_BIT)";
				CLANG_ENABLE_OBJC_ARC = YES;
				"CODE_SIGN_IDENTITY[sdk=iphoneos*]" = "iPhone Developer";
				COPY_PHASE_STRIP = NO;
				GCC_C_LANGUAGE_STANDARD = gnu99;
				GCC_DYNAMIC_NO_PIC = NO;
				GCC_OPTIMIZATION_LEVEL = 0;
				GCC_PREPROCESSOR_DEFINITIONS = (
					"DEBUG=1",
					"$(inherited)",
				);
				GCC_SYMBOLS_PRIVATE_EXTERN = NO;
				GCC_VERSION = com.apple.compilers.llvm.clang.1_0;
				GCC_WARN_ABOUT_RETURN_TYPE = YES;
				GCC_WARN_UNINITIALIZED_AUTOS = YES;
				GCC_WARN_UNUSED_VARIABLE = YES;
				IPHONEOS_DEPLOYMENT_TARGET = 5.1;
				SDKROOT = iphoneos;
			};
			name = Debug;
		};
		BFDF8885159A8DAD008EFBE4 /* Release */ = {
			isa = XCBuildConfiguration;
			buildSettings = {
				ALWAYS_SEARCH_USER_PATHS = NO;
				ARCHS = "$(ARCHS_STANDARD_32_BIT)";
				CLANG_ENABLE_OBJC_ARC = YES;
				"CODE_SIGN_IDENTITY[sdk=iphoneos*]" = "iPhone Developer";
				COPY_PHASE_STRIP = YES;
				GCC_C_LANGUAGE_STANDARD = gnu99;
				GCC_VERSION = com.apple.compilers.llvm.clang.1_0;
				GCC_WARN_ABOUT_RETURN_TYPE = YES;
				GCC_WARN_UNINITIALIZED_AUTOS = YES;
				GCC_WARN_UNUSED_VARIABLE = YES;
				IPHONEOS_DEPLOYMENT_TARGET = 5.1;
				OTHER_CFLAGS = "-DNS_BLOCK_ASSERTIONS=1";
				SDKROOT = iphoneos;
				VALIDATE_PRODUCT = YES;
			};
			name = Release;
		};
		BFDF8887159A8DAD008EFBE4 /* Debug */ = {
			isa = XCBuildConfiguration;
			buildSettings = {
				GCC_PRECOMPILE_PREFIX_HEADER = YES;
				GCC_PREFIX_HEADER = "MDF1-proj1/MDF1-proj1-Prefix.pch";
				INFOPLIST_FILE = "MDF1-proj1/MDF1-proj1-Info.plist";
				PRODUCT_NAME = "$(TARGET_NAME)";
				WRAPPER_EXTENSION = app;
			};
			name = Debug;
		};
		BFDF8888159A8DAD008EFBE4 /* Release */ = {
			isa = XCBuildConfiguration;
			buildSettings = {
				GCC_PRECOMPILE_PREFIX_HEADER = YES;
				GCC_PREFIX_HEADER = "MDF1-proj1/MDF1-proj1-Prefix.pch";
				INFOPLIST_FILE = "MDF1-proj1/MDF1-proj1-Info.plist";
				PRODUCT_NAME = "$(TARGET_NAME)";
				WRAPPER_EXTENSION = app;
			};
			name = Release;
		};
/* End XCBuildConfiguration section */

/* Begin XCConfigurationList section */
		BFDF8862159A8DAD008EFBE4 /* Build configuration list for PBXProject "MDF1-proj1" */ = {
			isa = XCConfigurationList;
			buildConfigurations = (
				BFDF8884159A8DAD008EFBE4 /* Debug */,
				BFDF8885159A8DAD008EFBE4 /* Release */,
			);
			defaultConfigurationIsVisible = 0;
			defaultConfigurationName = Release;
		};
		BFDF8886159A8DAD008EFBE4 /* Build configuration list for PBXNativeTarget "MDF1-proj1" */ = {
			isa = XCConfigurationList;
			buildConfigurations = (
				BFDF8887159A8DAD008EFBE4 /* Debug */,
				BFDF8888159A8DAD008EFBE4 /* Release */,
			);
			defaultConfigurationIsVisible = 0;
			defaultConfigurationName = Release;
		};
/* End XCConfigurationList section */
	};
	rootObject = BFDF885F159A8DAD008EFBE4 /* Project object */;
}
